PODS:
  - Nimble (7.3.1)
  - Quick (1.3.2)
  - SwiftLint (0.28.1)
  - TPSVG (0.1.0):
    - SwiftLint

DEPENDENCIES:
  - Nimble
  - Quick
  - TPSVG (from `../`)

SPEC REPOS:
  https://github.com/cocoapods/specs.git:
    - Nimble
    - Quick
    - SwiftLint

EXTERNAL SOURCES:
  TPSVG:
    :path: "../"

SPEC CHECKSUMS:
  Nimble: 04f732da099ea4d153122aec8c2a88fd0c7219ae
  Quick: 2623cb30d7a7f41ca62f684f679586558f483d46
  SwiftLint: 7f5f7de0da74a649b16616cb5246ae323489656e
  TPSVG: 5969c09289622f1e73e9cf24074867493a73914c

PODFILE CHECKSUM: cf46af6e089caaffd07130bcf90385c638204024

COCOAPODS: 1.5.3
