PODS:
  - Nimble (7.3.1)
  - Quick (1.3.2)
  - SwiftLint (0.29.0)
  - TPSVG (0.1.0):
    - SwiftLint

DEPENDENCIES:
  - Nimble
  - Quick
  - TPSVG (from `../`)

SPEC REPOS:
  https://github.com/cocoapods/specs.git:
    - Nimble
    - Quick
    - SwiftLint

EXTERNAL SOURCES:
  TPSVG:
    :path: "../"

SPEC CHECKSUMS:
  Nimble: 04f732da099ea4d153122aec8c2a88fd0c7219ae
  Quick: 2623cb30d7a7f41ca62f684f679586558f483d46
  SwiftLint: d4e7443d93e2bbe868dc302e6c7ac30b469d6a14
  TPSVG: 4c48da9c9037f8dc67bf4bc53af8cf5fcfd1302f

PODFILE CHECKSUM: ceccbd958a420e8f3411d74977e0c15ff1ed57e9

COCOAPODS: 1.5.3
