// !$*UTF8*$!
{
	archiveVersion = 1;
	classes = {
	};
	objectVersion = 46;
	objects = {

/* Begin PBXBuildFile section */
		607FACD61AFB9204008FA782 /* AppDelegate.swift in Sources */ = {isa = PBXBuildFile; fileRef = 607FACD51AFB9204008FA782 /* AppDelegate.swift */; };
		607FACD81AFB9204008FA782 /* ViewController.swift in Sources */ = {isa = PBXBuildFile; fileRef = 607FACD71AFB9204008FA782 /* ViewController.swift */; };
		607FACDB1AFB9204008FA782 /* Main.storyboard in Resources */ = {isa = PBXBuildFile; fileRef = 607FACD91AFB9204008FA782 /* Main.storyboard */; };
		607FACDD1AFB9204008FA782 /* Images.xcassets in Resources */ = {isa = PBXBuildFile; fileRef = 607FACDC1AFB9204008FA782 /* Images.xcassets */; };
		607FACE01AFB9204008FA782 /* LaunchScreen.xib in Resources */ = {isa = PBXBuildFile; fileRef = 607FACDE1AFB9204008FA782 /* LaunchScreen.xib */; };
		7E6C7453A616E44389A90FAA /* Pods_TPSVG_Tests.framework in Frameworks */ = {isa = PBXBuildFile; fileRef = BF1F6999D9B3F2A2CE8A052E /* Pods_TPSVG_Tests.framework */; };
		AB6E74C374D403AE3A0C6E11 /* Pods_TPSVG_Example.framework in Frameworks */ = {isa = PBXBuildFile; fileRef = 8F884A594357B0231E777545 /* Pods_TPSVG_Example.framework */; };
		D40218C921B8315C00C80051 /* TPSVGPolygon_Spec.swift in Sources */ = {isa = PBXBuildFile; fileRef = D40218C821B8315C00C80051 /* TPSVGPolygon_Spec.swift */; };
		D40822F121AF3F740027B10B /* CGImage+Pixel_Spec.swift in Sources */ = {isa = PBXBuildFile; fileRef = D40822F021AF3F740027B10B /* CGImage+Pixel_Spec.swift */; };
		D40822F321AF42B40027B10B /* UIImage+Pixel_Spec.swift in Sources */ = {isa = PBXBuildFile; fileRef = D40822F221AF42B40027B10B /* UIImage+Pixel_Spec.swift */; };
		D40D188E21B098CA0061C15F /* file-1-rect.svg in Resources */ = {isa = PBXBuildFile; fileRef = D40D188521B098CA0061C15F /* file-1-rect.svg */; };
		D40D189121B09A900061C15F /* TPSVG_Spec.swift in Sources */ = {isa = PBXBuildFile; fileRef = D40D187921B097C30061C15F /* TPSVG_Spec.swift */; };
		D40D189221B09A950061C15F /* file-1-rect.svg in Resources */ = {isa = PBXBuildFile; fileRef = D40D188521B098CA0061C15F /* file-1-rect.svg */; };
		D40D189C21B09ABB0061C15F /* empty.svg in Resources */ = {isa = PBXBuildFile; fileRef = D40D189B21B09ABB0061C15F /* empty.svg */; };
		D40D189D21B09ABB0061C15F /* empty.svg in Resources */ = {isa = PBXBuildFile; fileRef = D40D189B21B09ABB0061C15F /* empty.svg */; };
		D40D18B021B140940061C15F /* file-6-path.svg in Resources */ = {isa = PBXBuildFile; fileRef = D40D18AF21B140940061C15F /* file-6-path.svg */; };
		D40D18B421B142900061C15F /* file-8.svg in Resources */ = {isa = PBXBuildFile; fileRef = D40D18B221B142900061C15F /* file-8.svg */; };
		D40D18B521B142900061C15F /* file-8.svg in Resources */ = {isa = PBXBuildFile; fileRef = D40D18B221B142900061C15F /* file-8.svg */; };
		D40D18B621B142900061C15F /* file-9.svg in Resources */ = {isa = PBXBuildFile; fileRef = D40D18B321B142900061C15F /* file-9.svg */; };
		D40D18B721B142900061C15F /* file-9.svg in Resources */ = {isa = PBXBuildFile; fileRef = D40D18B321B142900061C15F /* file-9.svg */; };
		D40D18B821B142990061C15F /* file-2-polygon.svg in Resources */ = {isa = PBXBuildFile; fileRef = D40D18AD21B13EC70061C15F /* file-2-polygon.svg */; };
		D40D18B921B142990061C15F /* file-3-polyline.svg in Resources */ = {isa = PBXBuildFile; fileRef = D40D18AC21B13E8B0061C15F /* file-3-polyline.svg */; };
		D40D18BA21B142990061C15F /* file-4-circle.svg in Resources */ = {isa = PBXBuildFile; fileRef = D40D18AB21B13E4D0061C15F /* file-4-circle.svg */; };
		D40D18BB21B142990061C15F /* file-5-ellipse.svg in Resources */ = {isa = PBXBuildFile; fileRef = D40D18AE21B13FD60061C15F /* file-5-ellipse.svg */; };
		D40D18BC21B142990061C15F /* file-6-path.svg in Resources */ = {isa = PBXBuildFile; fileRef = D40D18AF21B140940061C15F /* file-6-path.svg */; };
		D40D18BD21B142990061C15F /* file-7-text.svg in Resources */ = {isa = PBXBuildFile; fileRef = D40D18B121B1418B0061C15F /* file-7-text.svg */; };
		D40D18BE21B1429A0061C15F /* file-2-polygon.svg in Resources */ = {isa = PBXBuildFile; fileRef = D40D18AD21B13EC70061C15F /* file-2-polygon.svg */; };
		D40D18BF21B1429A0061C15F /* file-3-polyline.svg in Resources */ = {isa = PBXBuildFile; fileRef = D40D18AC21B13E8B0061C15F /* file-3-polyline.svg */; };
		D40D18C021B1429A0061C15F /* file-4-circle.svg in Resources */ = {isa = PBXBuildFile; fileRef = D40D18AB21B13E4D0061C15F /* file-4-circle.svg */; };
		D40D18C121B1429A0061C15F /* file-5-ellipse.svg in Resources */ = {isa = PBXBuildFile; fileRef = D40D18AE21B13FD60061C15F /* file-5-ellipse.svg */; };
		D40D18C221B1429A0061C15F /* file-7-text.svg in Resources */ = {isa = PBXBuildFile; fileRef = D40D18B121B1418B0061C15F /* file-7-text.svg */; };
		D40D18C921B152870061C15F /* file-10-tiger-inline.svg in Resources */ = {isa = PBXBuildFile; fileRef = D40D18C721B152870061C15F /* file-10-tiger-inline.svg */; };
		D40D18CA21B152870061C15F /* file-10-tiger-inline.svg in Resources */ = {isa = PBXBuildFile; fileRef = D40D18C721B152870061C15F /* file-10-tiger-inline.svg */; };
		D40D18CB21B152870061C15F /* file-10-tiger.svg in Resources */ = {isa = PBXBuildFile; fileRef = D40D18C821B152870061C15F /* file-10-tiger.svg */; };
		D40D18CC21B152870061C15F /* file-10-tiger.svg in Resources */ = {isa = PBXBuildFile; fileRef = D40D18C821B152870061C15F /* file-10-tiger.svg */; };
		D40D18DA21B166230061C15F /* file-1.css in Resources */ = {isa = PBXBuildFile; fileRef = D40D18D921B166230061C15F /* file-1.css */; };
		D40D18DB21B166230061C15F /* file-1.css in Resources */ = {isa = PBXBuildFile; fileRef = D40D18D921B166230061C15F /* file-1.css */; };
		D40D18DF21B166720061C15F /* TPCSSEngine_Spec.swift in Sources */ = {isa = PBXBuildFile; fileRef = D40D18DD21B166720061C15F /* TPCSSEngine_Spec.swift */; };
		D414778721B74BC500F7E4AC /* TPSVG+UIImage_Cropping_Spec.swift in Sources */ = {isa = PBXBuildFile; fileRef = D414778521B74BC500F7E4AC /* TPSVG+UIImage_Cropping_Spec.swift */; };
		D414779021B7F7E100F7E4AC /* TPSVG+UIImage_PerformanceSpec.swift in Sources */ = {isa = PBXBuildFile; fileRef = D414778F21B7F7E100F7E4AC /* TPSVG+UIImage_PerformanceSpec.swift */; };
		D414779221B7F92000F7E4AC /* TPSVGEngine_PerformanceSpec.swift in Sources */ = {isa = PBXBuildFile; fileRef = D414779121B7F92000F7E4AC /* TPSVGEngine_PerformanceSpec.swift */; };
		D429C66C21B2A2BB00B5CE0A /* TPSVG+UIImage_Spec.swift in Sources */ = {isa = PBXBuildFile; fileRef = D429C66B21B2A2BB00B5CE0A /* TPSVG+UIImage_Spec.swift */; };
		D429C67A21B2A50900B5CE0A /* file-4-circle.png in Resources */ = {isa = PBXBuildFile; fileRef = D429C66E21B2A50900B5CE0A /* file-4-circle.png */; };
		D429C67B21B2A50900B5CE0A /* file-4-circle.png in Resources */ = {isa = PBXBuildFile; fileRef = D429C66E21B2A50900B5CE0A /* file-4-circle.png */; };
		D429C67C21B2A50900B5CE0A /* file-10-tiger.png in Resources */ = {isa = PBXBuildFile; fileRef = D429C66F21B2A50900B5CE0A /* file-10-tiger.png */; };
		D429C67D21B2A50900B5CE0A /* file-10-tiger.png in Resources */ = {isa = PBXBuildFile; fileRef = D429C66F21B2A50900B5CE0A /* file-10-tiger.png */; };
		D429C67E21B2A50900B5CE0A /* file-7-text.png in Resources */ = {isa = PBXBuildFile; fileRef = D429C67021B2A50900B5CE0A /* file-7-text.png */; };
		D429C67F21B2A50900B5CE0A /* file-7-text.png in Resources */ = {isa = PBXBuildFile; fileRef = D429C67021B2A50900B5CE0A /* file-7-text.png */; };
		D429C68021B2A50900B5CE0A /* file-3-polyline.png in Resources */ = {isa = PBXBuildFile; fileRef = D429C67121B2A50900B5CE0A /* file-3-polyline.png */; };
		D429C68121B2A50900B5CE0A /* file-3-polyline.png in Resources */ = {isa = PBXBuildFile; fileRef = D429C67121B2A50900B5CE0A /* file-3-polyline.png */; };
		D429C68221B2A50900B5CE0A /* file-2-polygon.png in Resources */ = {isa = PBXBuildFile; fileRef = D429C67221B2A50900B5CE0A /* file-2-polygon.png */; };
		D429C68321B2A50900B5CE0A /* file-2-polygon.png in Resources */ = {isa = PBXBuildFile; fileRef = D429C67221B2A50900B5CE0A /* file-2-polygon.png */; };
		D429C68421B2A50900B5CE0A /* file-6-path.png in Resources */ = {isa = PBXBuildFile; fileRef = D429C67321B2A50900B5CE0A /* file-6-path.png */; };
		D429C68521B2A50900B5CE0A /* file-6-path.png in Resources */ = {isa = PBXBuildFile; fileRef = D429C67321B2A50900B5CE0A /* file-6-path.png */; };
		D429C68621B2A50900B5CE0A /* file-10-tiger-inline.png in Resources */ = {isa = PBXBuildFile; fileRef = D429C67421B2A50900B5CE0A /* file-10-tiger-inline.png */; };
		D429C68721B2A50900B5CE0A /* file-10-tiger-inline.png in Resources */ = {isa = PBXBuildFile; fileRef = D429C67421B2A50900B5CE0A /* file-10-tiger-inline.png */; };
		D429C68821B2A50900B5CE0A /* file-5-ellipse.png in Resources */ = {isa = PBXBuildFile; fileRef = D429C67521B2A50900B5CE0A /* file-5-ellipse.png */; };
		D429C68921B2A50900B5CE0A /* file-5-ellipse.png in Resources */ = {isa = PBXBuildFile; fileRef = D429C67521B2A50900B5CE0A /* file-5-ellipse.png */; };
		D429C68A21B2A50900B5CE0A /* file-1-rect.png in Resources */ = {isa = PBXBuildFile; fileRef = D429C67621B2A50900B5CE0A /* file-1-rect.png */; };
		D429C68B21B2A50900B5CE0A /* file-1-rect.png in Resources */ = {isa = PBXBuildFile; fileRef = D429C67621B2A50900B5CE0A /* file-1-rect.png */; };
		D429C68C21B2A50900B5CE0A /* file-8.png in Resources */ = {isa = PBXBuildFile; fileRef = D429C67721B2A50900B5CE0A /* file-8.png */; };
		D429C68D21B2A50900B5CE0A /* file-8.png in Resources */ = {isa = PBXBuildFile; fileRef = D429C67721B2A50900B5CE0A /* file-8.png */; };
		D429C68E21B2A50900B5CE0A /* file-9.png in Resources */ = {isa = PBXBuildFile; fileRef = D429C67821B2A50900B5CE0A /* file-9.png */; };
		D429C68F21B2A50900B5CE0A /* file-9.png in Resources */ = {isa = PBXBuildFile; fileRef = D429C67821B2A50900B5CE0A /* file-9.png */; };
		D429C69321B2A54D00B5CE0A /* empty.png in Resources */ = {isa = PBXBuildFile; fileRef = D429C69221B2A54D00B5CE0A /* empty.png */; };
		D429C69421B2A54D00B5CE0A /* empty.png in Resources */ = {isa = PBXBuildFile; fileRef = D429C69221B2A54D00B5CE0A /* empty.png */; };
		D429C69521B2B76300B5CE0A /* file-11-line.png in Resources */ = {isa = PBXBuildFile; fileRef = D429C67921B2A50900B5CE0A /* file-11-line.png */; };
		D429C69621B2B76400B5CE0A /* file-11-line.png in Resources */ = {isa = PBXBuildFile; fileRef = D429C67921B2A50900B5CE0A /* file-11-line.png */; };
		D429C69721B2B7A000B5CE0A /* file-11-line.svg in Resources */ = {isa = PBXBuildFile; fileRef = D429C65F21B1A8A800B5CE0A /* file-11-line.svg */; };
		D429C69821B2B7DD00B5CE0A /* file-11-line.svg in Resources */ = {isa = PBXBuildFile; fileRef = D429C65F21B1A8A800B5CE0A /* file-11-line.svg */; };
		D429C6B721B2E72500B5CE0A /* TPSVGPathDLexer_Spec.swift in Sources */ = {isa = PBXBuildFile; fileRef = D429C6B621B2E72500B5CE0A /* TPSVGPathDLexer_Spec.swift */; };
		D42A703F21B835870005D87B /* TPSVGValueLexer_Spec.swift in Sources */ = {isa = PBXBuildFile; fileRef = D42A703E21B835870005D87B /* TPSVGValueLexer_Spec.swift */; };
		D42A704821B871410005D87B /* TPSVGTransformLexer_Spec.swift in Sources */ = {isa = PBXBuildFile; fileRef = D42A704721B871410005D87B /* TPSVGTransformLexer_Spec.swift */; };
		D438204D21B6AB9B00FEB6C1 /* file-14-v-line.png in Resources */ = {isa = PBXBuildFile; fileRef = D438204B21B6A95300FEB6C1 /* file-14-v-line.png */; };
		D438204E21B6AB9B00FEB6C1 /* file-15-h-line.png in Resources */ = {isa = PBXBuildFile; fileRef = D438204C21B6A95500FEB6C1 /* file-15-h-line.png */; };
		D438204F21B6AB9B00FEB6C1 /* file-14-v-line.png in Resources */ = {isa = PBXBuildFile; fileRef = D438204B21B6A95300FEB6C1 /* file-14-v-line.png */; };
		D438205021B6AB9B00FEB6C1 /* file-15-h-line.png in Resources */ = {isa = PBXBuildFile; fileRef = D438204C21B6A95500FEB6C1 /* file-15-h-line.png */; };
		D438205121B6ABA000FEB6C1 /* file-15-h-line.svg in Resources */ = {isa = PBXBuildFile; fileRef = D438204921B6A8AA00FEB6C1 /* file-15-h-line.svg */; };
		D438205221B6ABA000FEB6C1 /* file-15-h-line.svg in Resources */ = {isa = PBXBuildFile; fileRef = D438204921B6A8AA00FEB6C1 /* file-15-h-line.svg */; };
		D438205321B6AD5F00FEB6C1 /* file-14-v-line.svg in Resources */ = {isa = PBXBuildFile; fileRef = D438204A21B6A8B400FEB6C1 /* file-14-v-line.svg */; };
		D438205421B6AD5F00FEB6C1 /* file-14-v-line.svg in Resources */ = {isa = PBXBuildFile; fileRef = D438204A21B6A8B400FEB6C1 /* file-14-v-line.svg */; };
		D44C498922074FA100E552DE /* file-16-chevron-left.svg in Resources */ = {isa = PBXBuildFile; fileRef = D44C498822074FA100E552DE /* file-16-chevron-left.svg */; };
		D44C498A22074FAA00E552DE /* file-16-chevron-left.svg in Resources */ = {isa = PBXBuildFile; fileRef = D44C498822074FA100E552DE /* file-16-chevron-left.svg */; };
		D44C498C2207510600E552DE /* file-16-chevron-left.png in Resources */ = {isa = PBXBuildFile; fileRef = D44C498B2207510500E552DE /* file-16-chevron-left.png */; };
		D44C498D2207510800E552DE /* file-16-chevron-left.png in Resources */ = {isa = PBXBuildFile; fileRef = D44C498B2207510500E552DE /* file-16-chevron-left.png */; };
		D44C498F220754AE00E552DE /* TPSVG+UIImage_ContentMode.swift in Sources */ = {isa = PBXBuildFile; fileRef = D44C498E220754AE00E552DE /* TPSVG+UIImage_ContentMode.swift */; };
		D468970921B9872F0029C276 /* TPSVGNumberParser_Spec.swift in Sources */ = {isa = PBXBuildFile; fileRef = D468970821B9872F0029C276 /* TPSVGNumberParser_Spec.swift */; };
		D46F1DB521B320200072525E /* file-12-ell-arc.svg in Resources */ = {isa = PBXBuildFile; fileRef = D46F1DB421B320200072525E /* file-12-ell-arc.svg */; };
		D46F1DB621B320200072525E /* file-12-ell-arc.svg in Resources */ = {isa = PBXBuildFile; fileRef = D46F1DB421B320200072525E /* file-12-ell-arc.svg */; };
		D46F1DB821B3202B0072525E /* file-12-ell-arc.png in Resources */ = {isa = PBXBuildFile; fileRef = D46F1DB721B3202B0072525E /* file-12-ell-arc.png */; };
		D46F1DB921B3202B0072525E /* file-12-ell-arc.png in Resources */ = {isa = PBXBuildFile; fileRef = D46F1DB721B3202B0072525E /* file-12-ell-arc.png */; };
		D4851CBA21B6CBEB000255C6 /* inline-01.svg in Resources */ = {isa = PBXBuildFile; fileRef = D4851CB921B6CBEB000255C6 /* inline-01.svg */; };
		D4851CBB21B6CBFA000255C6 /* inline-01.svg in Resources */ = {isa = PBXBuildFile; fileRef = D4851CB921B6CBEB000255C6 /* inline-01.svg */; };
		D4851CBD21B6CC19000255C6 /* TPSVGEngine_Spec_4.swift in Sources */ = {isa = PBXBuildFile; fileRef = D4851CBC21B6CC19000255C6 /* TPSVGEngine_Spec_4.swift */; };
		D4851CC021B6D400000255C6 /* inline-01.png in Resources */ = {isa = PBXBuildFile; fileRef = D4851CBF21B6D400000255C6 /* inline-01.png */; };
		D4851CC121B6D400000255C6 /* inline-01.png in Resources */ = {isa = PBXBuildFile; fileRef = D4851CBF21B6D400000255C6 /* inline-01.png */; };
		D4851CC421B70F98000255C6 /* file-13-icon-08_resized.png in Resources */ = {isa = PBXBuildFile; fileRef = D4851CC221B70F98000255C6 /* file-13-icon-08_resized.png */; };
		D4851CC521B70F98000255C6 /* file-13-icon-08_resized.png in Resources */ = {isa = PBXBuildFile; fileRef = D4851CC221B70F98000255C6 /* file-13-icon-08_resized.png */; };
		D4851CC621B70F98000255C6 /* file-4-circle_cropped.png in Resources */ = {isa = PBXBuildFile; fileRef = D4851CC321B70F98000255C6 /* file-4-circle_cropped.png */; };
		D4851CC721B70F98000255C6 /* file-4-circle_cropped.png in Resources */ = {isa = PBXBuildFile; fileRef = D4851CC321B70F98000255C6 /* file-4-circle_cropped.png */; };
		D4851CC921B71118000255C6 /* file-6-path_resized_cropped.png in Resources */ = {isa = PBXBuildFile; fileRef = D4851CC821B71118000255C6 /* file-6-path_resized_cropped.png */; };
		D4851CCA21B71118000255C6 /* file-6-path_resized_cropped.png in Resources */ = {isa = PBXBuildFile; fileRef = D4851CC821B71118000255C6 /* file-6-path_resized_cropped.png */; };
		D4C5F87321B4055600B2CB60 /* file-13-icon-06.svg in Resources */ = {isa = PBXBuildFile; fileRef = D4C5F86A21B4055000B2CB60 /* file-13-icon-06.svg */; };
		D4C5F87421B4055600B2CB60 /* file-13-icon-06.svg in Resources */ = {isa = PBXBuildFile; fileRef = D4C5F86A21B4055000B2CB60 /* file-13-icon-06.svg */; };
		D4C5F87521B4055600B2CB60 /* file-13-icon-07.svg in Resources */ = {isa = PBXBuildFile; fileRef = D4C5F86B21B4055000B2CB60 /* file-13-icon-07.svg */; };
		D4C5F87621B4055600B2CB60 /* file-13-icon-07.svg in Resources */ = {isa = PBXBuildFile; fileRef = D4C5F86B21B4055000B2CB60 /* file-13-icon-07.svg */; };
		D4C5F87721B4055600B2CB60 /* file-13-icon-04.svg in Resources */ = {isa = PBXBuildFile; fileRef = D4C5F86C21B4055000B2CB60 /* file-13-icon-04.svg */; };
		D4C5F87821B4055600B2CB60 /* file-13-icon-04.svg in Resources */ = {isa = PBXBuildFile; fileRef = D4C5F86C21B4055000B2CB60 /* file-13-icon-04.svg */; };
		D4C5F87921B4055600B2CB60 /* file-13-icon-02.svg in Resources */ = {isa = PBXBuildFile; fileRef = D4C5F86D21B4055100B2CB60 /* file-13-icon-02.svg */; };
		D4C5F87A21B4055600B2CB60 /* file-13-icon-02.svg in Resources */ = {isa = PBXBuildFile; fileRef = D4C5F86D21B4055100B2CB60 /* file-13-icon-02.svg */; };
		D4C5F87B21B4055600B2CB60 /* file-13-icon-08.svg in Resources */ = {isa = PBXBuildFile; fileRef = D4C5F86E21B4055100B2CB60 /* file-13-icon-08.svg */; };
		D4C5F87C21B4055600B2CB60 /* file-13-icon-08.svg in Resources */ = {isa = PBXBuildFile; fileRef = D4C5F86E21B4055100B2CB60 /* file-13-icon-08.svg */; };
		D4C5F87D21B4055600B2CB60 /* file-13-icon-09.svg in Resources */ = {isa = PBXBuildFile; fileRef = D4C5F86F21B4055100B2CB60 /* file-13-icon-09.svg */; };
		D4C5F87E21B4055600B2CB60 /* file-13-icon-09.svg in Resources */ = {isa = PBXBuildFile; fileRef = D4C5F86F21B4055100B2CB60 /* file-13-icon-09.svg */; };
		D4C5F87F21B4055600B2CB60 /* file-13-icon-03.svg in Resources */ = {isa = PBXBuildFile; fileRef = D4C5F87021B4055200B2CB60 /* file-13-icon-03.svg */; };
		D4C5F88021B4055600B2CB60 /* file-13-icon-03.svg in Resources */ = {isa = PBXBuildFile; fileRef = D4C5F87021B4055200B2CB60 /* file-13-icon-03.svg */; };
		D4C5F88121B4055600B2CB60 /* file-13-icon-01.svg in Resources */ = {isa = PBXBuildFile; fileRef = D4C5F87121B4055600B2CB60 /* file-13-icon-01.svg */; };
		D4C5F88221B4055600B2CB60 /* file-13-icon-01.svg in Resources */ = {isa = PBXBuildFile; fileRef = D4C5F87121B4055600B2CB60 /* file-13-icon-01.svg */; };
		D4C5F88321B4055600B2CB60 /* file-13-icon-05.svg in Resources */ = {isa = PBXBuildFile; fileRef = D4C5F87221B4055600B2CB60 /* file-13-icon-05.svg */; };
		D4C5F88421B4055600B2CB60 /* file-13-icon-05.svg in Resources */ = {isa = PBXBuildFile; fileRef = D4C5F87221B4055600B2CB60 /* file-13-icon-05.svg */; };
		D4C5F88E21B4058700B2CB60 /* file-13-icon-02.png in Resources */ = {isa = PBXBuildFile; fileRef = D4C5F88521B4058600B2CB60 /* file-13-icon-02.png */; };
		D4C5F88F21B4058700B2CB60 /* file-13-icon-02.png in Resources */ = {isa = PBXBuildFile; fileRef = D4C5F88521B4058600B2CB60 /* file-13-icon-02.png */; };
		D4C5F89021B4058700B2CB60 /* file-13-icon-05.png in Resources */ = {isa = PBXBuildFile; fileRef = D4C5F88621B4058600B2CB60 /* file-13-icon-05.png */; };
		D4C5F89121B4058700B2CB60 /* file-13-icon-05.png in Resources */ = {isa = PBXBuildFile; fileRef = D4C5F88621B4058600B2CB60 /* file-13-icon-05.png */; };
		D4C5F89221B4058700B2CB60 /* file-13-icon-08.png in Resources */ = {isa = PBXBuildFile; fileRef = D4C5F88721B4058600B2CB60 /* file-13-icon-08.png */; };
		D4C5F89321B4058700B2CB60 /* file-13-icon-08.png in Resources */ = {isa = PBXBuildFile; fileRef = D4C5F88721B4058600B2CB60 /* file-13-icon-08.png */; };
		D4C5F89421B4058700B2CB60 /* file-13-icon-07.png in Resources */ = {isa = PBXBuildFile; fileRef = D4C5F88821B4058600B2CB60 /* file-13-icon-07.png */; };
		D4C5F89521B4058700B2CB60 /* file-13-icon-07.png in Resources */ = {isa = PBXBuildFile; fileRef = D4C5F88821B4058600B2CB60 /* file-13-icon-07.png */; };
		D4C5F89621B4058700B2CB60 /* file-13-icon-04.png in Resources */ = {isa = PBXBuildFile; fileRef = D4C5F88921B4058600B2CB60 /* file-13-icon-04.png */; };
		D4C5F89721B4058700B2CB60 /* file-13-icon-04.png in Resources */ = {isa = PBXBuildFile; fileRef = D4C5F88921B4058600B2CB60 /* file-13-icon-04.png */; };
		D4C5F89821B4058700B2CB60 /* file-13-icon-06.png in Resources */ = {isa = PBXBuildFile; fileRef = D4C5F88A21B4058700B2CB60 /* file-13-icon-06.png */; };
		D4C5F89921B4058700B2CB60 /* file-13-icon-06.png in Resources */ = {isa = PBXBuildFile; fileRef = D4C5F88A21B4058700B2CB60 /* file-13-icon-06.png */; };
		D4C5F89A21B4058700B2CB60 /* file-13-icon-03.png in Resources */ = {isa = PBXBuildFile; fileRef = D4C5F88B21B4058700B2CB60 /* file-13-icon-03.png */; };
		D4C5F89B21B4058700B2CB60 /* file-13-icon-03.png in Resources */ = {isa = PBXBuildFile; fileRef = D4C5F88B21B4058700B2CB60 /* file-13-icon-03.png */; };
		D4C5F89C21B4058700B2CB60 /* file-13-icon-09.png in Resources */ = {isa = PBXBuildFile; fileRef = D4C5F88C21B4058700B2CB60 /* file-13-icon-09.png */; };
		D4C5F89D21B4058700B2CB60 /* file-13-icon-09.png in Resources */ = {isa = PBXBuildFile; fileRef = D4C5F88C21B4058700B2CB60 /* file-13-icon-09.png */; };
		D4C5F89E21B4058700B2CB60 /* file-13-icon-01.png in Resources */ = {isa = PBXBuildFile; fileRef = D4C5F88D21B4058700B2CB60 /* file-13-icon-01.png */; };
		D4C5F89F21B4058700B2CB60 /* file-13-icon-01.png in Resources */ = {isa = PBXBuildFile; fileRef = D4C5F88D21B4058700B2CB60 /* file-13-icon-01.png */; };
		D4C5F8A221B405F500B2CB60 /* TPSVGEngine_Spec.swift in Sources */ = {isa = PBXBuildFile; fileRef = D4C5F8A021B405F500B2CB60 /* TPSVGEngine_Spec.swift */; };
		D4FCD1A421B5C8900034F082 /* TPSVGEngine_Spec_2.swift in Sources */ = {isa = PBXBuildFile; fileRef = D4FCD1A321B5C8900034F082 /* TPSVGEngine_Spec_2.swift */; };
		D4FCD1A621B5C8A10034F082 /* TPSVGEngine_Spec_3.swift in Sources */ = {isa = PBXBuildFile; fileRef = D4FCD1A521B5C8A10034F082 /* TPSVGEngine_Spec_3.swift */; };
/* End PBXBuildFile section */

/* Begin PBXContainerItemProxy section */
		607FACE61AFB9204008FA782 /* PBXContainerItemProxy */ = {
			isa = PBXContainerItemProxy;
			containerPortal = 607FACC81AFB9204008FA782 /* Project object */;
			proxyType = 1;
			remoteGlobalIDString = 607FACCF1AFB9204008FA782;
			remoteInfo = TPSVG;
		};
/* End PBXContainerItemProxy section */

/* Begin PBXFileReference section */
		13F137746BFF6AEFAABE32FD /* LICENSE */ = {isa = PBXFileReference; includeInIndex = 1; lastKnownFileType = text; name = LICENSE; path = ../LICENSE; sourceTree = "<group>"; };
		1C5E9DFF7C5972A9BB6BCDC9 /* Pods-TPSVG_Tests.release.xcconfig */ = {isa = PBXFileReference; includeInIndex = 1; lastKnownFileType = text.xcconfig; name = "Pods-TPSVG_Tests.release.xcconfig"; path = "Pods/Target Support Files/Pods-TPSVG_Tests/Pods-TPSVG_Tests.release.xcconfig"; sourceTree = "<group>"; };
		380BD0E5C16873394EC86E2C /* README.md */ = {isa = PBXFileReference; includeInIndex = 1; lastKnownFileType = net.daringfireball.markdown; name = README.md; path = ../README.md; sourceTree = "<group>"; };
		5D84EDF9570B11FF2A2483EE /* Pods-TPSVG_Tests.debug.xcconfig */ = {isa = PBXFileReference; includeInIndex = 1; lastKnownFileType = text.xcconfig; name = "Pods-TPSVG_Tests.debug.xcconfig"; path = "Pods/Target Support Files/Pods-TPSVG_Tests/Pods-TPSVG_Tests.debug.xcconfig"; sourceTree = "<group>"; };
		607FACD01AFB9204008FA782 /* TPSVG_Example.app */ = {isa = PBXFileReference; explicitFileType = wrapper.application; includeInIndex = 0; path = TPSVG_Example.app; sourceTree = BUILT_PRODUCTS_DIR; };
		607FACD41AFB9204008FA782 /* Info.plist */ = {isa = PBXFileReference; lastKnownFileType = text.plist.xml; path = Info.plist; sourceTree = "<group>"; };
		607FACD51AFB9204008FA782 /* AppDelegate.swift */ = {isa = PBXFileReference; lastKnownFileType = sourcecode.swift; path = AppDelegate.swift; sourceTree = "<group>"; };
		607FACD71AFB9204008FA782 /* ViewController.swift */ = {isa = PBXFileReference; lastKnownFileType = sourcecode.swift; path = ViewController.swift; sourceTree = "<group>"; };
		607FACDA1AFB9204008FA782 /* Base */ = {isa = PBXFileReference; lastKnownFileType = file.storyboard; name = Base; path = Base.lproj/Main.storyboard; sourceTree = "<group>"; };
		607FACDC1AFB9204008FA782 /* Images.xcassets */ = {isa = PBXFileReference; lastKnownFileType = folder.assetcatalog; path = Images.xcassets; sourceTree = "<group>"; };
		607FACDF1AFB9204008FA782 /* Base */ = {isa = PBXFileReference; lastKnownFileType = file.xib; name = Base; path = Base.lproj/LaunchScreen.xib; sourceTree = "<group>"; };
		607FACE51AFB9204008FA782 /* TPSVG_Tests.xctest */ = {isa = PBXFileReference; explicitFileType = wrapper.cfbundle; includeInIndex = 0; path = TPSVG_Tests.xctest; sourceTree = BUILT_PRODUCTS_DIR; };
		607FACEA1AFB9204008FA782 /* Info.plist */ = {isa = PBXFileReference; lastKnownFileType = text.plist.xml; path = Info.plist; sourceTree = "<group>"; };
		8F884A594357B0231E777545 /* Pods_TPSVG_Example.framework */ = {isa = PBXFileReference; explicitFileType = wrapper.framework; includeInIndex = 0; path = Pods_TPSVG_Example.framework; sourceTree = BUILT_PRODUCTS_DIR; };
		A2AFB1539E659101C4CA5F24 /* Pods-TPSVG_Example.debug.xcconfig */ = {isa = PBXFileReference; includeInIndex = 1; lastKnownFileType = text.xcconfig; name = "Pods-TPSVG_Example.debug.xcconfig"; path = "Pods/Target Support Files/Pods-TPSVG_Example/Pods-TPSVG_Example.debug.xcconfig"; sourceTree = "<group>"; };
		BF1F6999D9B3F2A2CE8A052E /* Pods_TPSVG_Tests.framework */ = {isa = PBXFileReference; explicitFileType = wrapper.framework; includeInIndex = 0; path = Pods_TPSVG_Tests.framework; sourceTree = BUILT_PRODUCTS_DIR; };
		D40218C821B8315C00C80051 /* TPSVGPolygon_Spec.swift */ = {isa = PBXFileReference; lastKnownFileType = sourcecode.swift; path = TPSVGPolygon_Spec.swift; sourceTree = "<group>"; };
		D40822F021AF3F740027B10B /* CGImage+Pixel_Spec.swift */ = {isa = PBXFileReference; lastKnownFileType = sourcecode.swift; path = "CGImage+Pixel_Spec.swift"; sourceTree = "<group>"; };
		D40822F221AF42B40027B10B /* UIImage+Pixel_Spec.swift */ = {isa = PBXFileReference; lastKnownFileType = sourcecode.swift; path = "UIImage+Pixel_Spec.swift"; sourceTree = "<group>"; };
		D40822F521AF46870027B10B /* .swift-version */ = {isa = PBXFileReference; lastKnownFileType = text; name = ".swift-version"; path = "../.swift-version"; sourceTree = "<group>"; };
		D40822F621AF46870027B10B /* .slather.yml */ = {isa = PBXFileReference; lastKnownFileType = text; name = .slather.yml; path = ../.slather.yml; sourceTree = "<group>"; };
		D40822F721AF46870027B10B /* .travis.yml */ = {isa = PBXFileReference; lastKnownFileType = text; name = .travis.yml; path = ../.travis.yml; sourceTree = "<group>"; };
		D40822F821AF46870027B10B /* Gemfile */ = {isa = PBXFileReference; lastKnownFileType = text; name = Gemfile; path = ../Gemfile; sourceTree = "<group>"; };
		D40822F921AF46870027B10B /* .swiftlint.yml */ = {isa = PBXFileReference; lastKnownFileType = text; name = .swiftlint.yml; path = ../.swiftlint.yml; sourceTree = "<group>"; };
		D40822FA21AF46870027B10B /* .codebeatignore */ = {isa = PBXFileReference; lastKnownFileType = text; name = .codebeatignore; path = ../.codebeatignore; sourceTree = "<group>"; };
		D40822FB21AF46880027B10B /* .jazzy.yaml */ = {isa = PBXFileReference; explicitFileType = text; name = .jazzy.yaml; path = ../.jazzy.yaml; sourceTree = "<group>"; };
		D408230221AF54740027B10B /* CHANGELOG.md */ = {isa = PBXFileReference; lastKnownFileType = net.daringfireball.markdown; name = CHANGELOG.md; path = ../CHANGELOG.md; sourceTree = "<group>"; };
		D40D187921B097C30061C15F /* TPSVG_Spec.swift */ = {isa = PBXFileReference; lastKnownFileType = sourcecode.swift; path = TPSVG_Spec.swift; sourceTree = "<group>"; };
		D40D188521B098CA0061C15F /* file-1-rect.svg */ = {isa = PBXFileReference; explicitFileType = text.xml; fileEncoding = 4; path = "file-1-rect.svg"; sourceTree = "<group>"; };
		D40D189B21B09ABB0061C15F /* empty.svg */ = {isa = PBXFileReference; explicitFileType = text.xml; path = empty.svg; sourceTree = "<group>"; };
		D40D18AB21B13E4D0061C15F /* file-4-circle.svg */ = {isa = PBXFileReference; explicitFileType = text.xml; path = "file-4-circle.svg"; sourceTree = "<group>"; };
		D40D18AC21B13E8B0061C15F /* file-3-polyline.svg */ = {isa = PBXFileReference; explicitFileType = text.xml; path = "file-3-polyline.svg"; sourceTree = "<group>"; };
		D40D18AD21B13EC70061C15F /* file-2-polygon.svg */ = {isa = PBXFileReference; explicitFileType = text.xml; path = "file-2-polygon.svg"; sourceTree = "<group>"; };
		D40D18AE21B13FD60061C15F /* file-5-ellipse.svg */ = {isa = PBXFileReference; explicitFileType = text.xml; path = "file-5-ellipse.svg"; sourceTree = "<group>"; };
		D40D18AF21B140940061C15F /* file-6-path.svg */ = {isa = PBXFileReference; explicitFileType = text.xml; path = "file-6-path.svg"; sourceTree = "<group>"; };
		D40D18B121B1418B0061C15F /* file-7-text.svg */ = {isa = PBXFileReference; explicitFileType = text.xml; path = "file-7-text.svg"; sourceTree = "<group>"; };
		D40D18B221B142900061C15F /* file-8.svg */ = {isa = PBXFileReference; explicitFileType = text.xml; fileEncoding = 4; path = "file-8.svg"; sourceTree = "<group>"; };
		D40D18B321B142900061C15F /* file-9.svg */ = {isa = PBXFileReference; explicitFileType = text.xml; fileEncoding = 4; path = "file-9.svg"; sourceTree = "<group>"; };
		D40D18C721B152870061C15F /* file-10-tiger-inline.svg */ = {isa = PBXFileReference; explicitFileType = text.xml; fileEncoding = 4; path = "file-10-tiger-inline.svg"; sourceTree = "<group>"; };
		D40D18C821B152870061C15F /* file-10-tiger.svg */ = {isa = PBXFileReference; explicitFileType = text.xml; fileEncoding = 4; path = "file-10-tiger.svg"; sourceTree = "<group>"; };
		D40D18D921B166230061C15F /* file-1.css */ = {isa = PBXFileReference; lastKnownFileType = text.css; path = "file-1.css"; sourceTree = "<group>"; };
		D40D18DD21B166720061C15F /* TPCSSEngine_Spec.swift */ = {isa = PBXFileReference; lastKnownFileType = sourcecode.swift; path = TPCSSEngine_Spec.swift; sourceTree = "<group>"; };
		D414778521B74BC500F7E4AC /* TPSVG+UIImage_Cropping_Spec.swift */ = {isa = PBXFileReference; lastKnownFileType = sourcecode.swift; path = "TPSVG+UIImage_Cropping_Spec.swift"; sourceTree = "<group>"; };
		D414778F21B7F7E100F7E4AC /* TPSVG+UIImage_PerformanceSpec.swift */ = {isa = PBXFileReference; lastKnownFileType = sourcecode.swift; path = "TPSVG+UIImage_PerformanceSpec.swift"; sourceTree = "<group>"; };
		D414779121B7F92000F7E4AC /* TPSVGEngine_PerformanceSpec.swift */ = {isa = PBXFileReference; lastKnownFileType = sourcecode.swift; path = TPSVGEngine_PerformanceSpec.swift; sourceTree = "<group>"; };
		D429C65F21B1A8A800B5CE0A /* file-11-line.svg */ = {isa = PBXFileReference; explicitFileType = text.xml; path = "file-11-line.svg"; sourceTree = "<group>"; };
		D429C66B21B2A2BB00B5CE0A /* TPSVG+UIImage_Spec.swift */ = {isa = PBXFileReference; lastKnownFileType = sourcecode.swift; path = "TPSVG+UIImage_Spec.swift"; sourceTree = "<group>"; };
		D429C66E21B2A50900B5CE0A /* file-4-circle.png */ = {isa = PBXFileReference; lastKnownFileType = image.png; path = "file-4-circle.png"; sourceTree = "<group>"; };
		D429C66F21B2A50900B5CE0A /* file-10-tiger.png */ = {isa = PBXFileReference; lastKnownFileType = image.png; path = "file-10-tiger.png"; sourceTree = "<group>"; };
		D429C67021B2A50900B5CE0A /* file-7-text.png */ = {isa = PBXFileReference; lastKnownFileType = image.png; path = "file-7-text.png"; sourceTree = "<group>"; };
		D429C67121B2A50900B5CE0A /* file-3-polyline.png */ = {isa = PBXFileReference; lastKnownFileType = image.png; path = "file-3-polyline.png"; sourceTree = "<group>"; };
		D429C67221B2A50900B5CE0A /* file-2-polygon.png */ = {isa = PBXFileReference; lastKnownFileType = image.png; path = "file-2-polygon.png"; sourceTree = "<group>"; };
		D429C67321B2A50900B5CE0A /* file-6-path.png */ = {isa = PBXFileReference; lastKnownFileType = image.png; path = "file-6-path.png"; sourceTree = "<group>"; };
		D429C67421B2A50900B5CE0A /* file-10-tiger-inline.png */ = {isa = PBXFileReference; lastKnownFileType = image.png; path = "file-10-tiger-inline.png"; sourceTree = "<group>"; };
		D429C67521B2A50900B5CE0A /* file-5-ellipse.png */ = {isa = PBXFileReference; lastKnownFileType = image.png; path = "file-5-ellipse.png"; sourceTree = "<group>"; };
		D429C67621B2A50900B5CE0A /* file-1-rect.png */ = {isa = PBXFileReference; lastKnownFileType = image.png; path = "file-1-rect.png"; sourceTree = "<group>"; };
		D429C67721B2A50900B5CE0A /* file-8.png */ = {isa = PBXFileReference; lastKnownFileType = image.png; path = "file-8.png"; sourceTree = "<group>"; };
		D429C67821B2A50900B5CE0A /* file-9.png */ = {isa = PBXFileReference; lastKnownFileType = image.png; path = "file-9.png"; sourceTree = "<group>"; };
		D429C67921B2A50900B5CE0A /* file-11-line.png */ = {isa = PBXFileReference; lastKnownFileType = image.png; path = "file-11-line.png"; sourceTree = "<group>"; };
		D429C69221B2A54D00B5CE0A /* empty.png */ = {isa = PBXFileReference; lastKnownFileType = image.png; path = empty.png; sourceTree = "<group>"; };
		D429C6B621B2E72500B5CE0A /* TPSVGPathDLexer_Spec.swift */ = {isa = PBXFileReference; lastKnownFileType = sourcecode.swift; path = TPSVGPathDLexer_Spec.swift; sourceTree = "<group>"; };
		D42A703E21B835870005D87B /* TPSVGValueLexer_Spec.swift */ = {isa = PBXFileReference; lastKnownFileType = sourcecode.swift; path = TPSVGValueLexer_Spec.swift; sourceTree = "<group>"; };
		D42A704721B871410005D87B /* TPSVGTransformLexer_Spec.swift */ = {isa = PBXFileReference; lastKnownFileType = sourcecode.swift; path = TPSVGTransformLexer_Spec.swift; sourceTree = "<group>"; };
		D438204921B6A8AA00FEB6C1 /* file-15-h-line.svg */ = {isa = PBXFileReference; explicitFileType = text.xml; path = "file-15-h-line.svg"; sourceTree = "<group>"; };
		D438204A21B6A8B400FEB6C1 /* file-14-v-line.svg */ = {isa = PBXFileReference; explicitFileType = text.xml; path = "file-14-v-line.svg"; sourceTree = "<group>"; };
		D438204B21B6A95300FEB6C1 /* file-14-v-line.png */ = {isa = PBXFileReference; lastKnownFileType = image.png; path = "file-14-v-line.png"; sourceTree = "<group>"; };
		D438204C21B6A95500FEB6C1 /* file-15-h-line.png */ = {isa = PBXFileReference; lastKnownFileType = image.png; path = "file-15-h-line.png"; sourceTree = "<group>"; };
		D44C498822074FA100E552DE /* file-16-chevron-left.svg */ = {isa = PBXFileReference; explicitFileType = text.xml; fileEncoding = 4; path = "file-16-chevron-left.svg"; sourceTree = "<group>"; };
		D44C498B2207510500E552DE /* file-16-chevron-left.png */ = {isa = PBXFileReference; lastKnownFileType = image.png; path = "file-16-chevron-left.png"; sourceTree = "<group>"; };
		D44C498E220754AE00E552DE /* TPSVG+UIImage_ContentMode.swift */ = {isa = PBXFileReference; lastKnownFileType = sourcecode.swift; path = "TPSVG+UIImage_ContentMode.swift"; sourceTree = "<group>"; };
		D468970821B9872F0029C276 /* TPSVGNumberParser_Spec.swift */ = {isa = PBXFileReference; lastKnownFileType = sourcecode.swift; path = TPSVGNumberParser_Spec.swift; sourceTree = "<group>"; };
		D46F1DB421B320200072525E /* file-12-ell-arc.svg */ = {isa = PBXFileReference; explicitFileType = text.xml; fileEncoding = 4; path = "file-12-ell-arc.svg"; sourceTree = "<group>"; };
		D46F1DB721B3202B0072525E /* file-12-ell-arc.png */ = {isa = PBXFileReference; lastKnownFileType = image.png; path = "file-12-ell-arc.png"; sourceTree = "<group>"; };
		D4851CB921B6CBEB000255C6 /* inline-01.svg */ = {isa = PBXFileReference; explicitFileType = text.xml; path = "inline-01.svg"; sourceTree = "<group>"; };
		D4851CBC21B6CC19000255C6 /* TPSVGEngine_Spec_4.swift */ = {isa = PBXFileReference; lastKnownFileType = sourcecode.swift; path = TPSVGEngine_Spec_4.swift; sourceTree = "<group>"; };
		D4851CBF21B6D400000255C6 /* inline-01.png */ = {isa = PBXFileReference; lastKnownFileType = image.png; path = "inline-01.png"; sourceTree = "<group>"; };
		D4851CC221B70F98000255C6 /* file-13-icon-08_resized.png */ = {isa = PBXFileReference; lastKnownFileType = image.png; path = "file-13-icon-08_resized.png"; sourceTree = "<group>"; };
		D4851CC321B70F98000255C6 /* file-4-circle_cropped.png */ = {isa = PBXFileReference; lastKnownFileType = image.png; path = "file-4-circle_cropped.png"; sourceTree = "<group>"; };
		D4851CC821B71118000255C6 /* file-6-path_resized_cropped.png */ = {isa = PBXFileReference; lastKnownFileType = image.png; path = "file-6-path_resized_cropped.png"; sourceTree = "<group>"; };
		D4C5F86A21B4055000B2CB60 /* file-13-icon-06.svg */ = {isa = PBXFileReference; explicitFileType = text.xml; fileEncoding = 4; path = "file-13-icon-06.svg"; sourceTree = "<group>"; };
		D4C5F86B21B4055000B2CB60 /* file-13-icon-07.svg */ = {isa = PBXFileReference; explicitFileType = text.xml; fileEncoding = 4; path = "file-13-icon-07.svg"; sourceTree = "<group>"; };
		D4C5F86C21B4055000B2CB60 /* file-13-icon-04.svg */ = {isa = PBXFileReference; explicitFileType = text.xml; fileEncoding = 4; path = "file-13-icon-04.svg"; sourceTree = "<group>"; };
		D4C5F86D21B4055100B2CB60 /* file-13-icon-02.svg */ = {isa = PBXFileReference; explicitFileType = text.xml; fileEncoding = 4; path = "file-13-icon-02.svg"; sourceTree = "<group>"; };
		D4C5F86E21B4055100B2CB60 /* file-13-icon-08.svg */ = {isa = PBXFileReference; explicitFileType = text.xml; fileEncoding = 4; path = "file-13-icon-08.svg"; sourceTree = "<group>"; };
		D4C5F86F21B4055100B2CB60 /* file-13-icon-09.svg */ = {isa = PBXFileReference; explicitFileType = text.xml; fileEncoding = 4; path = "file-13-icon-09.svg"; sourceTree = "<group>"; };
		D4C5F87021B4055200B2CB60 /* file-13-icon-03.svg */ = {isa = PBXFileReference; explicitFileType = text.xml; fileEncoding = 4; path = "file-13-icon-03.svg"; sourceTree = "<group>"; };
		D4C5F87121B4055600B2CB60 /* file-13-icon-01.svg */ = {isa = PBXFileReference; explicitFileType = text.xml; fileEncoding = 4; path = "file-13-icon-01.svg"; sourceTree = "<group>"; };
		D4C5F87221B4055600B2CB60 /* file-13-icon-05.svg */ = {isa = PBXFileReference; explicitFileType = text.xml; fileEncoding = 4; path = "file-13-icon-05.svg"; sourceTree = "<group>"; };
		D4C5F88521B4058600B2CB60 /* file-13-icon-02.png */ = {isa = PBXFileReference; lastKnownFileType = image.png; path = "file-13-icon-02.png"; sourceTree = "<group>"; };
		D4C5F88621B4058600B2CB60 /* file-13-icon-05.png */ = {isa = PBXFileReference; lastKnownFileType = image.png; path = "file-13-icon-05.png"; sourceTree = "<group>"; };
		D4C5F88721B4058600B2CB60 /* file-13-icon-08.png */ = {isa = PBXFileReference; lastKnownFileType = image.png; path = "file-13-icon-08.png"; sourceTree = "<group>"; };
		D4C5F88821B4058600B2CB60 /* file-13-icon-07.png */ = {isa = PBXFileReference; lastKnownFileType = image.png; path = "file-13-icon-07.png"; sourceTree = "<group>"; };
		D4C5F88921B4058600B2CB60 /* file-13-icon-04.png */ = {isa = PBXFileReference; lastKnownFileType = image.png; path = "file-13-icon-04.png"; sourceTree = "<group>"; };
		D4C5F88A21B4058700B2CB60 /* file-13-icon-06.png */ = {isa = PBXFileReference; lastKnownFileType = image.png; path = "file-13-icon-06.png"; sourceTree = "<group>"; };
		D4C5F88B21B4058700B2CB60 /* file-13-icon-03.png */ = {isa = PBXFileReference; lastKnownFileType = image.png; path = "file-13-icon-03.png"; sourceTree = "<group>"; };
		D4C5F88C21B4058700B2CB60 /* file-13-icon-09.png */ = {isa = PBXFileReference; lastKnownFileType = image.png; path = "file-13-icon-09.png"; sourceTree = "<group>"; };
		D4C5F88D21B4058700B2CB60 /* file-13-icon-01.png */ = {isa = PBXFileReference; lastKnownFileType = image.png; path = "file-13-icon-01.png"; sourceTree = "<group>"; };
		D4C5F8A021B405F500B2CB60 /* TPSVGEngine_Spec.swift */ = {isa = PBXFileReference; lastKnownFileType = sourcecode.swift; path = TPSVGEngine_Spec.swift; sourceTree = "<group>"; };
		D4FCD1A321B5C8900034F082 /* TPSVGEngine_Spec_2.swift */ = {isa = PBXFileReference; lastKnownFileType = sourcecode.swift; path = TPSVGEngine_Spec_2.swift; sourceTree = "<group>"; };
		D4FCD1A521B5C8A10034F082 /* TPSVGEngine_Spec_3.swift */ = {isa = PBXFileReference; lastKnownFileType = sourcecode.swift; path = TPSVGEngine_Spec_3.swift; sourceTree = "<group>"; };
		E7D5C892A3F54FF85A78E5D7 /* Pods-TPSVG_Example.release.xcconfig */ = {isa = PBXFileReference; includeInIndex = 1; lastKnownFileType = text.xcconfig; name = "Pods-TPSVG_Example.release.xcconfig"; path = "Pods/Target Support Files/Pods-TPSVG_Example/Pods-TPSVG_Example.release.xcconfig"; sourceTree = "<group>"; };
		EF61573B6404BF45F4542059 /* TPSVG.podspec */ = {isa = PBXFileReference; includeInIndex = 1; lastKnownFileType = text; name = TPSVG.podspec; path = ../TPSVG.podspec; sourceTree = "<group>"; xcLanguageSpecificationIdentifier = xcode.lang.ruby; };
/* End PBXFileReference section */

/* Begin PBXFrameworksBuildPhase section */
		607FACCD1AFB9204008FA782 /* Frameworks */ = {
			isa = PBXFrameworksBuildPhase;
			buildActionMask = 2147483647;
			files = (
				AB6E74C374D403AE3A0C6E11 /* Pods_TPSVG_Example.framework in Frameworks */,
			);
			runOnlyForDeploymentPostprocessing = 0;
		};
		607FACE21AFB9204008FA782 /* Frameworks */ = {
			isa = PBXFrameworksBuildPhase;
			buildActionMask = 2147483647;
			files = (
				7E6C7453A616E44389A90FAA /* Pods_TPSVG_Tests.framework in Frameworks */,
			);
			runOnlyForDeploymentPostprocessing = 0;
		};
/* End PBXFrameworksBuildPhase section */

/* Begin PBXGroup section */
		607FACC71AFB9204008FA782 = {
			isa = PBXGroup;
			children = (
				607FACF51AFB993E008FA782 /* Podspec Metadata */,
				607FACD21AFB9204008FA782 /* Example for TPSVG */,
				607FACE81AFB9204008FA782 /* Tests */,
				607FACD11AFB9204008FA782 /* Products */,
				B334BE09B0C3AE97282953AF /* Pods */,
				A158B26FFAE9E4B327236743 /* Frameworks */,
			);
			sourceTree = "<group>";
		};
		607FACD11AFB9204008FA782 /* Products */ = {
			isa = PBXGroup;
			children = (
				607FACD01AFB9204008FA782 /* TPSVG_Example.app */,
				607FACE51AFB9204008FA782 /* TPSVG_Tests.xctest */,
			);
			name = Products;
			sourceTree = "<group>";
		};
		607FACD21AFB9204008FA782 /* Example for TPSVG */ = {
			isa = PBXGroup;
			children = (
				607FACD51AFB9204008FA782 /* AppDelegate.swift */,
				607FACD71AFB9204008FA782 /* ViewController.swift */,
				607FACD91AFB9204008FA782 /* Main.storyboard */,
				607FACDC1AFB9204008FA782 /* Images.xcassets */,
				607FACDE1AFB9204008FA782 /* LaunchScreen.xib */,
				607FACD31AFB9204008FA782 /* Supporting Files */,
			);
			name = "Example for TPSVG";
			path = TPSVG;
			sourceTree = "<group>";
		};
		607FACD31AFB9204008FA782 /* Supporting Files */ = {
			isa = PBXGroup;
			children = (
				607FACD41AFB9204008FA782 /* Info.plist */,
			);
			name = "Supporting Files";
			sourceTree = "<group>";
		};
		607FACE81AFB9204008FA782 /* Tests */ = {
			isa = PBXGroup;
			children = (
				D468970721B987190029C276 /* Util */,
				D40218C721B8313600C80051 /* Elements */,
				D429C6B521B2E6AC00B5CE0A /* Lexer */,
				D40D187921B097C30061C15F /* TPSVG_Spec.swift */,
				D429C66B21B2A2BB00B5CE0A /* TPSVG+UIImage_Spec.swift */,
				D414778521B74BC500F7E4AC /* TPSVG+UIImage_Cropping_Spec.swift */,
				D44C498E220754AE00E552DE /* TPSVG+UIImage_ContentMode.swift */,
				D414778F21B7F7E100F7E4AC /* TPSVG+UIImage_PerformanceSpec.swift */,
				D4C5F8A021B405F500B2CB60 /* TPSVGEngine_Spec.swift */,
				D4FCD1A321B5C8900034F082 /* TPSVGEngine_Spec_2.swift */,
				D4FCD1A521B5C8A10034F082 /* TPSVGEngine_Spec_3.swift */,
				D4851CBC21B6CC19000255C6 /* TPSVGEngine_Spec_4.swift */,
				D414779121B7F92000F7E4AC /* TPSVGEngine_PerformanceSpec.swift */,
				D40D187D21B098A30061C15F /* Data */,
				D40822EB21AF3D250027B10B /* Helper */,
				D40D18DC21B1664E0061C15F /* Style */,
				607FACE91AFB9204008FA782 /* Supporting Files */,
			);
			path = Tests;
			sourceTree = "<group>";
		};
		607FACE91AFB9204008FA782 /* Supporting Files */ = {
			isa = PBXGroup;
			children = (
				607FACEA1AFB9204008FA782 /* Info.plist */,
			);
			name = "Supporting Files";
			sourceTree = "<group>";
		};
		607FACF51AFB993E008FA782 /* Podspec Metadata */ = {
			isa = PBXGroup;
			children = (
				D40822FA21AF46870027B10B /* .codebeatignore */,
				D40822F521AF46870027B10B /* .swift-version */,
				D40822F821AF46870027B10B /* Gemfile */,
				13F137746BFF6AEFAABE32FD /* LICENSE */,
				D408230221AF54740027B10B /* CHANGELOG.md */,
				380BD0E5C16873394EC86E2C /* README.md */,
				EF61573B6404BF45F4542059 /* TPSVG.podspec */,
				D40822FB21AF46880027B10B /* .jazzy.yaml */,
				D40822F621AF46870027B10B /* .slather.yml */,
				D40822F921AF46870027B10B /* .swiftlint.yml */,
				D40822F721AF46870027B10B /* .travis.yml */,
			);
			name = "Podspec Metadata";
			sourceTree = "<group>";
		};
		A158B26FFAE9E4B327236743 /* Frameworks */ = {
			isa = PBXGroup;
			children = (
				8F884A594357B0231E777545 /* Pods_TPSVG_Example.framework */,
				BF1F6999D9B3F2A2CE8A052E /* Pods_TPSVG_Tests.framework */,
			);
			name = Frameworks;
			sourceTree = "<group>";
		};
		B334BE09B0C3AE97282953AF /* Pods */ = {
			isa = PBXGroup;
			children = (
				A2AFB1539E659101C4CA5F24 /* Pods-TPSVG_Example.debug.xcconfig */,
				E7D5C892A3F54FF85A78E5D7 /* Pods-TPSVG_Example.release.xcconfig */,
				5D84EDF9570B11FF2A2483EE /* Pods-TPSVG_Tests.debug.xcconfig */,
				1C5E9DFF7C5972A9BB6BCDC9 /* Pods-TPSVG_Tests.release.xcconfig */,
			);
			name = Pods;
			sourceTree = "<group>";
		};
		D40218C721B8313600C80051 /* Elements */ = {
			isa = PBXGroup;
			children = (
				D40218C821B8315C00C80051 /* TPSVGPolygon_Spec.swift */,
			);
			path = Elements;
			sourceTree = "<group>";
		};
		D40822EB21AF3D250027B10B /* Helper */ = {
			isa = PBXGroup;
			children = (
				D40822F221AF42B40027B10B /* UIImage+Pixel_Spec.swift */,
				D40822F021AF3F740027B10B /* CGImage+Pixel_Spec.swift */,
			);
			path = Helper;
			sourceTree = "<group>";
		};
		D40D187D21B098A30061C15F /* Data */ = {
			isa = PBXGroup;
			children = (
				D429C66D21B2A50900B5CE0A /* PNG */,
				D40D18D821B166070061C15F /* CSS */,
				D40D18D721B165FB0061C15F /* SVG */,
			);
			path = Data;
			sourceTree = "<group>";
		};
		D40D18D721B165FB0061C15F /* SVG */ = {
			isa = PBXGroup;
			children = (
				D4851CB821B6CBD8000255C6 /* inline-style */,
				D40D189B21B09ABB0061C15F /* empty.svg */,
				D40D188521B098CA0061C15F /* file-1-rect.svg */,
				D40D18AD21B13EC70061C15F /* file-2-polygon.svg */,
				D40D18AC21B13E8B0061C15F /* file-3-polyline.svg */,
				D40D18AB21B13E4D0061C15F /* file-4-circle.svg */,
				D40D18AE21B13FD60061C15F /* file-5-ellipse.svg */,
				D40D18AF21B140940061C15F /* file-6-path.svg */,
				D40D18B121B1418B0061C15F /* file-7-text.svg */,
				D40D18B221B142900061C15F /* file-8.svg */,
				D40D18B321B142900061C15F /* file-9.svg */,
				D40D18C721B152870061C15F /* file-10-tiger-inline.svg */,
				D40D18C821B152870061C15F /* file-10-tiger.svg */,
				D429C65F21B1A8A800B5CE0A /* file-11-line.svg */,
				D46F1DB421B320200072525E /* file-12-ell-arc.svg */,
				D4C5F87121B4055600B2CB60 /* file-13-icon-01.svg */,
				D4C5F86D21B4055100B2CB60 /* file-13-icon-02.svg */,
				D4C5F87021B4055200B2CB60 /* file-13-icon-03.svg */,
				D4C5F86C21B4055000B2CB60 /* file-13-icon-04.svg */,
				D4C5F87221B4055600B2CB60 /* file-13-icon-05.svg */,
				D4C5F86A21B4055000B2CB60 /* file-13-icon-06.svg */,
				D4C5F86B21B4055000B2CB60 /* file-13-icon-07.svg */,
				D4C5F86E21B4055100B2CB60 /* file-13-icon-08.svg */,
				D4C5F86F21B4055100B2CB60 /* file-13-icon-09.svg */,
				D438204A21B6A8B400FEB6C1 /* file-14-v-line.svg */,
				D438204921B6A8AA00FEB6C1 /* file-15-h-line.svg */,
				D44C498822074FA100E552DE /* file-16-chevron-left.svg */,
			);
			path = SVG;
			sourceTree = "<group>";
		};
		D40D18D821B166070061C15F /* CSS */ = {
			isa = PBXGroup;
			children = (
				D40D18D921B166230061C15F /* file-1.css */,
			);
			path = CSS;
			sourceTree = "<group>";
		};
		D40D18DC21B1664E0061C15F /* Style */ = {
			isa = PBXGroup;
			children = (
				D40D18DD21B166720061C15F /* TPCSSEngine_Spec.swift */,
			);
			path = Style;
			sourceTree = "<group>";
		};
		D429C66D21B2A50900B5CE0A /* PNG */ = {
			isa = PBXGroup;
			children = (
				D429C69221B2A54D00B5CE0A /* empty.png */,
				D429C67621B2A50900B5CE0A /* file-1-rect.png */,
				D429C67221B2A50900B5CE0A /* file-2-polygon.png */,
				D429C67121B2A50900B5CE0A /* file-3-polyline.png */,
				D4851CC321B70F98000255C6 /* file-4-circle_cropped.png */,
				D429C66E21B2A50900B5CE0A /* file-4-circle.png */,
				D4851CC821B71118000255C6 /* file-6-path_resized_cropped.png */,
				D429C67521B2A50900B5CE0A /* file-5-ellipse.png */,
				D429C67321B2A50900B5CE0A /* file-6-path.png */,
				D429C67021B2A50900B5CE0A /* file-7-text.png */,
				D429C67721B2A50900B5CE0A /* file-8.png */,
				D429C67821B2A50900B5CE0A /* file-9.png */,
				D429C67421B2A50900B5CE0A /* file-10-tiger-inline.png */,
				D429C66F21B2A50900B5CE0A /* file-10-tiger.png */,
				D429C67921B2A50900B5CE0A /* file-11-line.png */,
				D46F1DB721B3202B0072525E /* file-12-ell-arc.png */,
				D4C5F88D21B4058700B2CB60 /* file-13-icon-01.png */,
				D4C5F88521B4058600B2CB60 /* file-13-icon-02.png */,
				D4C5F88B21B4058700B2CB60 /* file-13-icon-03.png */,
				D4C5F88921B4058600B2CB60 /* file-13-icon-04.png */,
				D4C5F88621B4058600B2CB60 /* file-13-icon-05.png */,
				D4C5F88A21B4058700B2CB60 /* file-13-icon-06.png */,
				D4C5F88821B4058600B2CB60 /* file-13-icon-07.png */,
				D4851CC221B70F98000255C6 /* file-13-icon-08_resized.png */,
				D4C5F88721B4058600B2CB60 /* file-13-icon-08.png */,
				D4C5F88C21B4058700B2CB60 /* file-13-icon-09.png */,
				D438204B21B6A95300FEB6C1 /* file-14-v-line.png */,
				D438204C21B6A95500FEB6C1 /* file-15-h-line.png */,
				D44C498B2207510500E552DE /* file-16-chevron-left.png */,
				D4851CBE21B6D3E0000255C6 /* inline-style */,
			);
			path = PNG;
			sourceTree = "<group>";
		};
		D429C6B521B2E6AC00B5CE0A /* Lexer */ = {
			isa = PBXGroup;
			children = (
				D429C6B621B2E72500B5CE0A /* TPSVGPathDLexer_Spec.swift */,
				D42A703E21B835870005D87B /* TPSVGValueLexer_Spec.swift */,
				D42A704721B871410005D87B /* TPSVGTransformLexer_Spec.swift */,
			);
			path = Lexer;
			sourceTree = "<group>";
		};
		D468970721B987190029C276 /* Util */ = {
			isa = PBXGroup;
			children = (
				D468970821B9872F0029C276 /* TPSVGNumberParser_Spec.swift */,
			);
			path = Util;
			sourceTree = "<group>";
		};
		D4851CB821B6CBD8000255C6 /* inline-style */ = {
			isa = PBXGroup;
			children = (
				D4851CB921B6CBEB000255C6 /* inline-01.svg */,
			);
			path = "inline-style";
			sourceTree = "<group>";
		};
		D4851CBE21B6D3E0000255C6 /* inline-style */ = {
			isa = PBXGroup;
			children = (
				D4851CBF21B6D400000255C6 /* inline-01.png */,
			);
			path = "inline-style";
			sourceTree = "<group>";
		};
/* End PBXGroup section */

/* Begin PBXNativeTarget section */
		607FACCF1AFB9204008FA782 /* TPSVG_Example */ = {
			isa = PBXNativeTarget;
			buildConfigurationList = 607FACEF1AFB9204008FA782 /* Build configuration list for PBXNativeTarget "TPSVG_Example" */;
			buildPhases = (
				3C4F4FA2EBD2DC462F1933D6 /* [CP] Check Pods Manifest.lock */,
				607FACCC1AFB9204008FA782 /* Sources */,
				D40822F421AF44530027B10B /* Swiftlint */,
				607FACCD1AFB9204008FA782 /* Frameworks */,
				607FACCE1AFB9204008FA782 /* Resources */,
				52022734C6A93D67C52B7CE4 /* [CP] Embed Pods Frameworks */,
			);
			buildRules = (
			);
			dependencies = (
			);
			name = TPSVG_Example;
			productName = TPSVG;
			productReference = 607FACD01AFB9204008FA782 /* TPSVG_Example.app */;
			productType = "com.apple.product-type.application";
		};
		607FACE41AFB9204008FA782 /* TPSVG_Tests */ = {
			isa = PBXNativeTarget;
			buildConfigurationList = 607FACF21AFB9204008FA782 /* Build configuration list for PBXNativeTarget "TPSVG_Tests" */;
			buildPhases = (
				2F0073531D4F950A6B86EE91 /* [CP] Check Pods Manifest.lock */,
				607FACE11AFB9204008FA782 /* Sources */,
				607FACE21AFB9204008FA782 /* Frameworks */,
				607FACE31AFB9204008FA782 /* Resources */,
				C2ABFDC1A2A074FFBD4F6A37 /* [CP] Embed Pods Frameworks */,
			);
			buildRules = (
			);
			dependencies = (
				607FACE71AFB9204008FA782 /* PBXTargetDependency */,
			);
			name = TPSVG_Tests;
			productName = Tests;
			productReference = 607FACE51AFB9204008FA782 /* TPSVG_Tests.xctest */;
			productType = "com.apple.product-type.bundle.unit-test";
		};
/* End PBXNativeTarget section */

/* Begin PBXProject section */
		607FACC81AFB9204008FA782 /* Project object */ = {
			isa = PBXProject;
			attributes = {
				CLASSPREFIX = TP;
				LastSwiftUpdateCheck = 0830;
				LastUpgradeCheck = 1010;
				ORGANIZATIONNAME = "techprimate GmbH & Co. KG";
				TargetAttributes = {
					607FACCF1AFB9204008FA782 = {
						CreatedOnToolsVersion = 6.3.1;
						LastSwiftMigration = 1020;
						ProvisioningStyle = Manual;
					};
					607FACE41AFB9204008FA782 = {
						CreatedOnToolsVersion = 6.3.1;
						LastSwiftMigration = 1020;
						TestTargetID = 607FACCF1AFB9204008FA782;
					};
				};
			};
			buildConfigurationList = 607FACCB1AFB9204008FA782 /* Build configuration list for PBXProject "TPSVG" */;
			compatibilityVersion = "Xcode 3.2";
			developmentRegion = English;
			hasScannedForEncodings = 0;
			knownRegions = (
				English,
				en,
				Base,
			);
			mainGroup = 607FACC71AFB9204008FA782;
			productRefGroup = 607FACD11AFB9204008FA782 /* Products */;
			projectDirPath = "";
			projectRoot = "";
			targets = (
				607FACCF1AFB9204008FA782 /* TPSVG_Example */,
				607FACE41AFB9204008FA782 /* TPSVG_Tests */,
			);
		};
/* End PBXProject section */

/* Begin PBXResourcesBuildPhase section */
		607FACCE1AFB9204008FA782 /* Resources */ = {
			isa = PBXResourcesBuildPhase;
			buildActionMask = 2147483647;
			files = (
				D40D189221B09A950061C15F /* file-1-rect.svg in Resources */,
				D429C68A21B2A50900B5CE0A /* file-1-rect.png in Resources */,
				D429C68421B2A50900B5CE0A /* file-6-path.png in Resources */,
				D4C5F87921B4055600B2CB60 /* file-13-icon-02.svg in Resources */,
				D46F1DB821B3202B0072525E /* file-12-ell-arc.png in Resources */,
				607FACDB1AFB9204008FA782 /* Main.storyboard in Resources */,
				D438205321B6AD5F00FEB6C1 /* file-14-v-line.svg in Resources */,
				D4C5F89421B4058700B2CB60 /* file-13-icon-07.png in Resources */,
				D429C67A21B2A50900B5CE0A /* file-4-circle.png in Resources */,
				D40D18B621B142900061C15F /* file-9.svg in Resources */,
				D40D18BA21B142990061C15F /* file-4-circle.svg in Resources */,
				607FACE01AFB9204008FA782 /* LaunchScreen.xib in Resources */,
				D429C69821B2B7DD00B5CE0A /* file-11-line.svg in Resources */,
				D40D18B921B142990061C15F /* file-3-polyline.svg in Resources */,
				D429C68621B2A50900B5CE0A /* file-10-tiger-inline.png in Resources */,
				D429C68021B2A50900B5CE0A /* file-3-polyline.png in Resources */,
				D4C5F88121B4055600B2CB60 /* file-13-icon-01.svg in Resources */,
				D40D18B821B142990061C15F /* file-2-polygon.svg in Resources */,
				D4851CC621B70F98000255C6 /* file-4-circle_cropped.png in Resources */,
				D438205221B6ABA000FEB6C1 /* file-15-h-line.svg in Resources */,
				D429C69521B2B76300B5CE0A /* file-11-line.png in Resources */,
				D40D18CB21B152870061C15F /* file-10-tiger.svg in Resources */,
				D4C5F87721B4055600B2CB60 /* file-13-icon-04.svg in Resources */,
				D4C5F88321B4055600B2CB60 /* file-13-icon-05.svg in Resources */,
				D44C498C2207510600E552DE /* file-16-chevron-left.png in Resources */,
				D4C5F89821B4058700B2CB60 /* file-13-icon-06.png in Resources */,
				D429C68221B2A50900B5CE0A /* file-2-polygon.png in Resources */,
				D4C5F89621B4058700B2CB60 /* file-13-icon-04.png in Resources */,
				D40D189C21B09ABB0061C15F /* empty.svg in Resources */,
				D40D18C921B152870061C15F /* file-10-tiger-inline.svg in Resources */,
				D438204E21B6AB9B00FEB6C1 /* file-15-h-line.png in Resources */,
				D40D18BB21B142990061C15F /* file-5-ellipse.svg in Resources */,
				D4C5F87D21B4055600B2CB60 /* file-13-icon-09.svg in Resources */,
				D429C67E21B2A50900B5CE0A /* file-7-text.png in Resources */,
				D4C5F89221B4058700B2CB60 /* file-13-icon-08.png in Resources */,
				D429C68C21B2A50900B5CE0A /* file-8.png in Resources */,
				D40D18BD21B142990061C15F /* file-7-text.svg in Resources */,
				D429C68E21B2A50900B5CE0A /* file-9.png in Resources */,
				D429C68821B2A50900B5CE0A /* file-5-ellipse.png in Resources */,
				D4C5F88E21B4058700B2CB60 /* file-13-icon-02.png in Resources */,
				D4C5F89021B4058700B2CB60 /* file-13-icon-05.png in Resources */,
				D44C498922074FA100E552DE /* file-16-chevron-left.svg in Resources */,
				D4851CBA21B6CBEB000255C6 /* inline-01.svg in Resources */,
				D40D18B421B142900061C15F /* file-8.svg in Resources */,
				D4C5F89E21B4058700B2CB60 /* file-13-icon-01.png in Resources */,
				D4C5F89C21B4058700B2CB60 /* file-13-icon-09.png in Resources */,
				D40D18BC21B142990061C15F /* file-6-path.svg in Resources */,
				D4851CC021B6D400000255C6 /* inline-01.png in Resources */,
				D4C5F87F21B4055600B2CB60 /* file-13-icon-03.svg in Resources */,
				D4C5F87321B4055600B2CB60 /* file-13-icon-06.svg in Resources */,
				607FACDD1AFB9204008FA782 /* Images.xcassets in Resources */,
				D429C67C21B2A50900B5CE0A /* file-10-tiger.png in Resources */,
				D4C5F87521B4055600B2CB60 /* file-13-icon-07.svg in Resources */,
				D429C69321B2A54D00B5CE0A /* empty.png in Resources */,
				D40D18DA21B166230061C15F /* file-1.css in Resources */,
				D4851CC421B70F98000255C6 /* file-13-icon-08_resized.png in Resources */,
				D4C5F89A21B4058700B2CB60 /* file-13-icon-03.png in Resources */,
				D4851CC921B71118000255C6 /* file-6-path_resized_cropped.png in Resources */,
				D46F1DB521B320200072525E /* file-12-ell-arc.svg in Resources */,
				D438204D21B6AB9B00FEB6C1 /* file-14-v-line.png in Resources */,
				D4C5F87B21B4055600B2CB60 /* file-13-icon-08.svg in Resources */,
			);
			runOnlyForDeploymentPostprocessing = 0;
		};
		607FACE31AFB9204008FA782 /* Resources */ = {
			isa = PBXResourcesBuildPhase;
			buildActionMask = 2147483647;
			files = (
				D4C5F88221B4055600B2CB60 /* file-13-icon-01.svg in Resources */,
				D40D18BE21B1429A0061C15F /* file-2-polygon.svg in Resources */,
				D4C5F89F21B4058700B2CB60 /* file-13-icon-01.png in Resources */,
				D429C69421B2A54D00B5CE0A /* empty.png in Resources */,
				D46F1DB621B320200072525E /* file-12-ell-arc.svg in Resources */,
				D429C68321B2A50900B5CE0A /* file-2-polygon.png in Resources */,
				D40D18DB21B166230061C15F /* file-1.css in Resources */,
				D44C498A22074FAA00E552DE /* file-16-chevron-left.svg in Resources */,
				D4851CBB21B6CBFA000255C6 /* inline-01.svg in Resources */,
				D40D18CC21B152870061C15F /* file-10-tiger.svg in Resources */,
				D40D188E21B098CA0061C15F /* file-1-rect.svg in Resources */,
				D429C67B21B2A50900B5CE0A /* file-4-circle.png in Resources */,
				D429C68521B2A50900B5CE0A /* file-6-path.png in Resources */,
				D4C5F87A21B4055600B2CB60 /* file-13-icon-02.svg in Resources */,
				D4C5F87821B4055600B2CB60 /* file-13-icon-04.svg in Resources */,
				D44C498D2207510800E552DE /* file-16-chevron-left.png in Resources */,
				D4C5F87E21B4055600B2CB60 /* file-13-icon-09.svg in Resources */,
				D4851CC121B6D400000255C6 /* inline-01.png in Resources */,
				D4851CCA21B71118000255C6 /* file-6-path_resized_cropped.png in Resources */,
				D4C5F89D21B4058700B2CB60 /* file-13-icon-09.png in Resources */,
				D4C5F87421B4055600B2CB60 /* file-13-icon-06.svg in Resources */,
				D40D18B021B140940061C15F /* file-6-path.svg in Resources */,
				D429C68121B2A50900B5CE0A /* file-3-polyline.png in Resources */,
				D46F1DB921B3202B0072525E /* file-12-ell-arc.png in Resources */,
				D429C68921B2A50900B5CE0A /* file-5-ellipse.png in Resources */,
				D40D18B721B142900061C15F /* file-9.svg in Resources */,
				D429C68F21B2A50900B5CE0A /* file-9.png in Resources */,
				D429C68B21B2A50900B5CE0A /* file-1-rect.png in Resources */,
				D4C5F87621B4055600B2CB60 /* file-13-icon-07.svg in Resources */,
				D40D18BF21B1429A0061C15F /* file-3-polyline.svg in Resources */,
				D4C5F89121B4058700B2CB60 /* file-13-icon-05.png in Resources */,
				D4C5F87C21B4055600B2CB60 /* file-13-icon-08.svg in Resources */,
				D429C67F21B2A50900B5CE0A /* file-7-text.png in Resources */,
				D4C5F88021B4055600B2CB60 /* file-13-icon-03.svg in Resources */,
				D4851CC521B70F98000255C6 /* file-13-icon-08_resized.png in Resources */,
				D4C5F88421B4055600B2CB60 /* file-13-icon-05.svg in Resources */,
				D4C5F89921B4058700B2CB60 /* file-13-icon-06.png in Resources */,
				D438204F21B6AB9B00FEB6C1 /* file-14-v-line.png in Resources */,
				D40D18CA21B152870061C15F /* file-10-tiger-inline.svg in Resources */,
				D4C5F89B21B4058700B2CB60 /* file-13-icon-03.png in Resources */,
				D429C68721B2A50900B5CE0A /* file-10-tiger-inline.png in Resources */,
				D429C68D21B2A50900B5CE0A /* file-8.png in Resources */,
				D438205421B6AD5F00FEB6C1 /* file-14-v-line.svg in Resources */,
				D40D18C121B1429A0061C15F /* file-5-ellipse.svg in Resources */,
				D40D18B521B142900061C15F /* file-8.svg in Resources */,
				D429C69621B2B76400B5CE0A /* file-11-line.png in Resources */,
				D438205121B6ABA000FEB6C1 /* file-15-h-line.svg in Resources */,
				D40D189D21B09ABB0061C15F /* empty.svg in Resources */,
				D40D18C021B1429A0061C15F /* file-4-circle.svg in Resources */,
				D429C67D21B2A50900B5CE0A /* file-10-tiger.png in Resources */,
				D4C5F89321B4058700B2CB60 /* file-13-icon-08.png in Resources */,
				D4C5F88F21B4058700B2CB60 /* file-13-icon-02.png in Resources */,
				D4C5F89521B4058700B2CB60 /* file-13-icon-07.png in Resources */,
				D40D18C221B1429A0061C15F /* file-7-text.svg in Resources */,
				D4C5F89721B4058700B2CB60 /* file-13-icon-04.png in Resources */,
				D438205021B6AB9B00FEB6C1 /* file-15-h-line.png in Resources */,
				D429C69721B2B7A000B5CE0A /* file-11-line.svg in Resources */,
				D4851CC721B70F98000255C6 /* file-4-circle_cropped.png in Resources */,
			);
			runOnlyForDeploymentPostprocessing = 0;
		};
/* End PBXResourcesBuildPhase section */

/* Begin PBXShellScriptBuildPhase section */
		2F0073531D4F950A6B86EE91 /* [CP] Check Pods Manifest.lock */ = {
			isa = PBXShellScriptBuildPhase;
			buildActionMask = 2147483647;
			files = (
			);
			inputFileListPaths = (
			);
			inputPaths = (
				"${PODS_PODFILE_DIR_PATH}/Podfile.lock",
				"${PODS_ROOT}/Manifest.lock",
			);
			name = "[CP] Check Pods Manifest.lock";
			outputFileListPaths = (
			);
			outputPaths = (
				"$(DERIVED_FILE_DIR)/Pods-TPSVG_Tests-checkManifestLockResult.txt",
			);
			runOnlyForDeploymentPostprocessing = 0;
			shellPath = /bin/sh;
			shellScript = "diff \"${PODS_PODFILE_DIR_PATH}/Podfile.lock\" \"${PODS_ROOT}/Manifest.lock\" > /dev/null\nif [ $? != 0 ] ; then\n    # print error to STDERR\n    echo \"error: The sandbox is not in sync with the Podfile.lock. Run 'pod install' or update your CocoaPods installation.\" >&2\n    exit 1\nfi\n# This output is used by Xcode 'outputs' to avoid re-running this script phase.\necho \"SUCCESS\" > \"${SCRIPT_OUTPUT_FILE_0}\"\n";
			showEnvVarsInLog = 0;
		};
		3C4F4FA2EBD2DC462F1933D6 /* [CP] Check Pods Manifest.lock */ = {
			isa = PBXShellScriptBuildPhase;
			buildActionMask = 2147483647;
			files = (
			);
			inputFileListPaths = (
			);
			inputPaths = (
				"${PODS_PODFILE_DIR_PATH}/Podfile.lock",
				"${PODS_ROOT}/Manifest.lock",
			);
			name = "[CP] Check Pods Manifest.lock";
			outputFileListPaths = (
			);
			outputPaths = (
				"$(DERIVED_FILE_DIR)/Pods-TPSVG_Example-checkManifestLockResult.txt",
			);
			runOnlyForDeploymentPostprocessing = 0;
			shellPath = /bin/sh;
			shellScript = "diff \"${PODS_PODFILE_DIR_PATH}/Podfile.lock\" \"${PODS_ROOT}/Manifest.lock\" > /dev/null\nif [ $? != 0 ] ; then\n    # print error to STDERR\n    echo \"error: The sandbox is not in sync with the Podfile.lock. Run 'pod install' or update your CocoaPods installation.\" >&2\n    exit 1\nfi\n# This output is used by Xcode 'outputs' to avoid re-running this script phase.\necho \"SUCCESS\" > \"${SCRIPT_OUTPUT_FILE_0}\"\n";
			showEnvVarsInLog = 0;
		};
		52022734C6A93D67C52B7CE4 /* [CP] Embed Pods Frameworks */ = {
			isa = PBXShellScriptBuildPhase;
			buildActionMask = 2147483647;
			files = (
			);
			inputFileListPaths = (
			);
			inputPaths = (
				"${PODS_ROOT}/Target Support Files/Pods-TPSVG_Example/Pods-TPSVG_Example-frameworks.sh",
				"${BUILT_PRODUCTS_DIR}/TPSVG/TPSVG.framework",
			);
			name = "[CP] Embed Pods Frameworks";
			outputFileListPaths = (
			);
			outputPaths = (
				"${TARGET_BUILD_DIR}/${FRAMEWORKS_FOLDER_PATH}/TPSVG.framework",
			);
			runOnlyForDeploymentPostprocessing = 0;
			shellPath = /bin/sh;
			shellScript = "\"${PODS_ROOT}/Target Support Files/Pods-TPSVG_Example/Pods-TPSVG_Example-frameworks.sh\"\n";
			showEnvVarsInLog = 0;
		};
		C2ABFDC1A2A074FFBD4F6A37 /* [CP] Embed Pods Frameworks */ = {
			isa = PBXShellScriptBuildPhase;
			buildActionMask = 2147483647;
			files = (
			);
			inputFileListPaths = (
			);
			inputPaths = (
				"${PODS_ROOT}/Target Support Files/Pods-TPSVG_Tests/Pods-TPSVG_Tests-frameworks.sh",
				"${BUILT_PRODUCTS_DIR}/Nimble/Nimble.framework",
				"${BUILT_PRODUCTS_DIR}/Quick/Quick.framework",
			);
			name = "[CP] Embed Pods Frameworks";
			outputFileListPaths = (
			);
			outputPaths = (
				"${TARGET_BUILD_DIR}/${FRAMEWORKS_FOLDER_PATH}/Nimble.framework",
				"${TARGET_BUILD_DIR}/${FRAMEWORKS_FOLDER_PATH}/Quick.framework",
			);
			runOnlyForDeploymentPostprocessing = 0;
			shellPath = /bin/sh;
			shellScript = "\"${PODS_ROOT}/Target Support Files/Pods-TPSVG_Tests/Pods-TPSVG_Tests-frameworks.sh\"\n";
			showEnvVarsInLog = 0;
		};
		D40822F421AF44530027B10B /* Swiftlint */ = {
			isa = PBXShellScriptBuildPhase;
			buildActionMask = 2147483647;
			files = (
			);
			inputFileListPaths = (
			);
			inputPaths = (
			);
			name = Swiftlint;
			outputFileListPaths = (
			);
			outputPaths = (
			);
			runOnlyForDeploymentPostprocessing = 0;
			shellPath = /bin/sh;
			shellScript = "echo \"info: Looking for SwiftLint in Pods folder: \" ${PODS_ROOT}\n\nif which swiftlint >/dev/null; then\n    \"${PODS_ROOT}/SwiftLint/swiftlint\" --config \"../.swiftlint.yml\"\nelse\n   echo \"warning: SwiftLint not installed, download from https://github.com/realm/SwiftLint\"\nfi\n";
		};
/* End PBXShellScriptBuildPhase section */

/* Begin PBXSourcesBuildPhase section */
		607FACCC1AFB9204008FA782 /* Sources */ = {
			isa = PBXSourcesBuildPhase;
			buildActionMask = 2147483647;
			files = (
				607FACD81AFB9204008FA782 /* ViewController.swift in Sources */,
				607FACD61AFB9204008FA782 /* AppDelegate.swift in Sources */,
			);
			runOnlyForDeploymentPostprocessing = 0;
		};
		607FACE11AFB9204008FA782 /* Sources */ = {
			isa = PBXSourcesBuildPhase;
			buildActionMask = 2147483647;
			files = (
				D4FCD1A421B5C8900034F082 /* TPSVGEngine_Spec_2.swift in Sources */,
				D40D189121B09A900061C15F /* TPSVG_Spec.swift in Sources */,
				D414778721B74BC500F7E4AC /* TPSVG+UIImage_Cropping_Spec.swift in Sources */,
				D42A704821B871410005D87B /* TPSVGTransformLexer_Spec.swift in Sources */,
				D429C6B721B2E72500B5CE0A /* TPSVGPathDLexer_Spec.swift in Sources */,
				D4FCD1A621B5C8A10034F082 /* TPSVGEngine_Spec_3.swift in Sources */,
				D42A703F21B835870005D87B /* TPSVGValueLexer_Spec.swift in Sources */,
				D414779021B7F7E100F7E4AC /* TPSVG+UIImage_PerformanceSpec.swift in Sources */,
				D40218C921B8315C00C80051 /* TPSVGPolygon_Spec.swift in Sources */,
				D468970921B9872F0029C276 /* TPSVGNumberParser_Spec.swift in Sources */,
				D40D18DF21B166720061C15F /* TPCSSEngine_Spec.swift in Sources */,
				D429C66C21B2A2BB00B5CE0A /* TPSVG+UIImage_Spec.swift in Sources */,
				D4851CBD21B6CC19000255C6 /* TPSVGEngine_Spec_4.swift in Sources */,
				D4C5F8A221B405F500B2CB60 /* TPSVGEngine_Spec.swift in Sources */,
				D414779221B7F92000F7E4AC /* TPSVGEngine_PerformanceSpec.swift in Sources */,
				D44C498F220754AE00E552DE /* TPSVG+UIImage_ContentMode.swift in Sources */,
				D40822F321AF42B40027B10B /* UIImage+Pixel_Spec.swift in Sources */,
				D40822F121AF3F740027B10B /* CGImage+Pixel_Spec.swift in Sources */,
			);
			runOnlyForDeploymentPostprocessing = 0;
		};
/* End PBXSourcesBuildPhase section */

/* Begin PBXTargetDependency section */
		607FACE71AFB9204008FA782 /* PBXTargetDependency */ = {
			isa = PBXTargetDependency;
			target = 607FACCF1AFB9204008FA782 /* TPSVG_Example */;
			targetProxy = 607FACE61AFB9204008FA782 /* PBXContainerItemProxy */;
		};
/* End PBXTargetDependency section */

/* Begin PBXVariantGroup section */
		607FACD91AFB9204008FA782 /* Main.storyboard */ = {
			isa = PBXVariantGroup;
			children = (
				607FACDA1AFB9204008FA782 /* Base */,
			);
			name = Main.storyboard;
			sourceTree = "<group>";
		};
		607FACDE1AFB9204008FA782 /* LaunchScreen.xib */ = {
			isa = PBXVariantGroup;
			children = (
				607FACDF1AFB9204008FA782 /* Base */,
			);
			name = LaunchScreen.xib;
			sourceTree = "<group>";
		};
/* End PBXVariantGroup section */

/* Begin XCBuildConfiguration section */
		607FACED1AFB9204008FA782 /* Debug */ = {
			isa = XCBuildConfiguration;
			buildSettings = {
				ALWAYS_SEARCH_USER_PATHS = NO;
				CLANG_CXX_LANGUAGE_STANDARD = "gnu++0x";
				CLANG_CXX_LIBRARY = "libc++";
				CLANG_ENABLE_MODULES = YES;
				CLANG_ENABLE_OBJC_ARC = YES;
				CLANG_WARN_BLOCK_CAPTURE_AUTORELEASING = YES;
				CLANG_WARN_BOOL_CONVERSION = YES;
				CLANG_WARN_COMMA = YES;
				CLANG_WARN_CONSTANT_CONVERSION = YES;
				CLANG_WARN_DEPRECATED_OBJC_IMPLEMENTATIONS = YES;
				CLANG_WARN_DIRECT_OBJC_ISA_USAGE = YES_ERROR;
				CLANG_WARN_EMPTY_BODY = YES;
				CLANG_WARN_ENUM_CONVERSION = YES;
				CLANG_WARN_INFINITE_RECURSION = YES;
				CLANG_WARN_INT_CONVERSION = YES;
				CLANG_WARN_NON_LITERAL_NULL_CONVERSION = YES;
				CLANG_WARN_OBJC_IMPLICIT_RETAIN_SELF = YES;
				CLANG_WARN_OBJC_LITERAL_CONVERSION = YES;
				CLANG_WARN_OBJC_ROOT_CLASS = YES_ERROR;
				CLANG_WARN_RANGE_LOOP_ANALYSIS = YES;
				CLANG_WARN_STRICT_PROTOTYPES = YES;
				CLANG_WARN_SUSPICIOUS_MOVE = YES;
				CLANG_WARN_UNREACHABLE_CODE = YES;
				CLANG_WARN__DUPLICATE_METHOD_MATCH = YES;
				"CODE_SIGN_IDENTITY[sdk=iphoneos*]" = "iPhone Developer";
				COPY_PHASE_STRIP = NO;
				DEBUG_INFORMATION_FORMAT = "dwarf-with-dsym";
				ENABLE_STRICT_OBJC_MSGSEND = YES;
				ENABLE_TESTABILITY = YES;
				GCC_C_LANGUAGE_STANDARD = gnu99;
				GCC_DYNAMIC_NO_PIC = NO;
				GCC_NO_COMMON_BLOCKS = YES;
				GCC_OPTIMIZATION_LEVEL = 0;
				GCC_PREPROCESSOR_DEFINITIONS = (
					"DEBUG=1",
					"$(inherited)",
				);
				GCC_SYMBOLS_PRIVATE_EXTERN = NO;
				GCC_WARN_64_TO_32_BIT_CONVERSION = YES;
				GCC_WARN_ABOUT_RETURN_TYPE = YES_ERROR;
				GCC_WARN_UNDECLARED_SELECTOR = YES;
				GCC_WARN_UNINITIALIZED_AUTOS = YES_AGGRESSIVE;
				GCC_WARN_UNUSED_FUNCTION = YES;
				GCC_WARN_UNUSED_VARIABLE = YES;
				IPHONEOS_DEPLOYMENT_TARGET = 9.3;
				MTL_ENABLE_DEBUG_INFO = YES;
				ONLY_ACTIVE_ARCH = YES;
				SDKROOT = iphoneos;
				SWIFT_OPTIMIZATION_LEVEL = "-Onone";
			};
			name = Debug;
		};
		607FACEE1AFB9204008FA782 /* Release */ = {
			isa = XCBuildConfiguration;
			buildSettings = {
				ALWAYS_SEARCH_USER_PATHS = NO;
				CLANG_CXX_LANGUAGE_STANDARD = "gnu++0x";
				CLANG_CXX_LIBRARY = "libc++";
				CLANG_ENABLE_MODULES = YES;
				CLANG_ENABLE_OBJC_ARC = YES;
				CLANG_WARN_BLOCK_CAPTURE_AUTORELEASING = YES;
				CLANG_WARN_BOOL_CONVERSION = YES;
				CLANG_WARN_COMMA = YES;
				CLANG_WARN_CONSTANT_CONVERSION = YES;
				CLANG_WARN_DEPRECATED_OBJC_IMPLEMENTATIONS = YES;
				CLANG_WARN_DIRECT_OBJC_ISA_USAGE = YES_ERROR;
				CLANG_WARN_EMPTY_BODY = YES;
				CLANG_WARN_ENUM_CONVERSION = YES;
				CLANG_WARN_INFINITE_RECURSION = YES;
				CLANG_WARN_INT_CONVERSION = YES;
				CLANG_WARN_NON_LITERAL_NULL_CONVERSION = YES;
				CLANG_WARN_OBJC_IMPLICIT_RETAIN_SELF = YES;
				CLANG_WARN_OBJC_LITERAL_CONVERSION = YES;
				CLANG_WARN_OBJC_ROOT_CLASS = YES_ERROR;
				CLANG_WARN_RANGE_LOOP_ANALYSIS = YES;
				CLANG_WARN_STRICT_PROTOTYPES = YES;
				CLANG_WARN_SUSPICIOUS_MOVE = YES;
				CLANG_WARN_UNREACHABLE_CODE = YES;
				CLANG_WARN__DUPLICATE_METHOD_MATCH = YES;
				"CODE_SIGN_IDENTITY[sdk=iphoneos*]" = "iPhone Developer";
				COPY_PHASE_STRIP = NO;
				DEBUG_INFORMATION_FORMAT = "dwarf-with-dsym";
				ENABLE_NS_ASSERTIONS = NO;
				ENABLE_STRICT_OBJC_MSGSEND = YES;
				GCC_C_LANGUAGE_STANDARD = gnu99;
				GCC_NO_COMMON_BLOCKS = YES;
				GCC_WARN_64_TO_32_BIT_CONVERSION = YES;
				GCC_WARN_ABOUT_RETURN_TYPE = YES_ERROR;
				GCC_WARN_UNDECLARED_SELECTOR = YES;
				GCC_WARN_UNINITIALIZED_AUTOS = YES_AGGRESSIVE;
				GCC_WARN_UNUSED_FUNCTION = YES;
				GCC_WARN_UNUSED_VARIABLE = YES;
				IPHONEOS_DEPLOYMENT_TARGET = 9.3;
				MTL_ENABLE_DEBUG_INFO = NO;
				SDKROOT = iphoneos;
				SWIFT_OPTIMIZATION_LEVEL = "-Owholemodule";
				VALIDATE_PRODUCT = YES;
			};
			name = Release;
		};
		607FACF01AFB9204008FA782 /* Debug */ = {
			isa = XCBuildConfiguration;
			baseConfigurationReference = A2AFB1539E659101C4CA5F24 /* Pods-TPSVG_Example.debug.xcconfig */;
			buildSettings = {
				ASSETCATALOG_COMPILER_APPICON_NAME = AppIcon;
				CODE_SIGN_STYLE = Manual;
				DEVELOPMENT_TEAM = "";
				INFOPLIST_FILE = TPSVG/Info.plist;
				LD_RUNPATH_SEARCH_PATHS = "$(inherited) @executable_path/Frameworks";
				MODULE_NAME = ExampleApp;
				PRODUCT_BUNDLE_IDENTIFIER = "org.cocoapods.demo.$(PRODUCT_NAME:rfc1034identifier)";
				PRODUCT_NAME = "$(TARGET_NAME)";
				PROVISIONING_PROFILE_SPECIFIER = "";
				SWIFT_VERSION = 4.2;
			};
			name = Debug;
		};
		607FACF11AFB9204008FA782 /* Release */ = {
			isa = XCBuildConfiguration;
			baseConfigurationReference = E7D5C892A3F54FF85A78E5D7 /* Pods-TPSVG_Example.release.xcconfig */;
			buildSettings = {
				ASSETCATALOG_COMPILER_APPICON_NAME = AppIcon;
				CODE_SIGN_STYLE = Manual;
				DEVELOPMENT_TEAM = "";
				INFOPLIST_FILE = TPSVG/Info.plist;
				LD_RUNPATH_SEARCH_PATHS = "$(inherited) @executable_path/Frameworks";
				MODULE_NAME = ExampleApp;
				PRODUCT_BUNDLE_IDENTIFIER = "org.cocoapods.demo.$(PRODUCT_NAME:rfc1034identifier)";
				PRODUCT_NAME = "$(TARGET_NAME)";
				PROVISIONING_PROFILE_SPECIFIER = "";
				SWIFT_VERSION = 4.2;
			};
			name = Release;
		};
		607FACF31AFB9204008FA782 /* Debug */ = {
			isa = XCBuildConfiguration;
			baseConfigurationReference = 5D84EDF9570B11FF2A2483EE /* Pods-TPSVG_Tests.debug.xcconfig */;
			buildSettings = {
				FRAMEWORK_SEARCH_PATHS = (
					"$(SDKROOT)/Developer/Library/Frameworks",
					"$(inherited)",
				);
				GCC_PREPROCESSOR_DEFINITIONS = (
					"DEBUG=1",
					"$(inherited)",
				);
				INFOPLIST_FILE = Tests/Info.plist;
				LD_RUNPATH_SEARCH_PATHS = "$(inherited) @executable_path/Frameworks @loader_path/Frameworks";
				PRODUCT_BUNDLE_IDENTIFIER = "org.cocoapods.$(PRODUCT_NAME:rfc1034identifier)";
				PRODUCT_NAME = "$(TARGET_NAME)";
				SWIFT_VERSION = 4.2;
				TEST_HOST = "$(BUILT_PRODUCTS_DIR)/TPSVG_Example.app/TPSVG_Example";
			};
			name = Debug;
		};
		607FACF41AFB9204008FA782 /* Release */ = {
			isa = XCBuildConfiguration;
			baseConfigurationReference = 1C5E9DFF7C5972A9BB6BCDC9 /* Pods-TPSVG_Tests.release.xcconfig */;
			buildSettings = {
				FRAMEWORK_SEARCH_PATHS = (
					"$(SDKROOT)/Developer/Library/Frameworks",
					"$(inherited)",
				);
				INFOPLIST_FILE = Tests/Info.plist;
				LD_RUNPATH_SEARCH_PATHS = "$(inherited) @executable_path/Frameworks @loader_path/Frameworks";
				PRODUCT_BUNDLE_IDENTIFIER = "org.cocoapods.$(PRODUCT_NAME:rfc1034identifier)";
				PRODUCT_NAME = "$(TARGET_NAME)";
				SWIFT_VERSION = 4.2;
				TEST_HOST = "$(BUILT_PRODUCTS_DIR)/TPSVG_Example.app/TPSVG_Example";
			};
			name = Release;
		};
/* End XCBuildConfiguration section */

/* Begin XCConfigurationList section */
		607FACCB1AFB9204008FA782 /* Build configuration list for PBXProject "TPSVG" */ = {
			isa = XCConfigurationList;
			buildConfigurations = (
				607FACED1AFB9204008FA782 /* Debug */,
				607FACEE1AFB9204008FA782 /* Release */,
			);
			defaultConfigurationIsVisible = 0;
			defaultConfigurationName = Release;
		};
		607FACEF1AFB9204008FA782 /* Build configuration list for PBXNativeTarget "TPSVG_Example" */ = {
			isa = XCConfigurationList;
			buildConfigurations = (
				607FACF01AFB9204008FA782 /* Debug */,
				607FACF11AFB9204008FA782 /* Release */,
			);
			defaultConfigurationIsVisible = 0;
			defaultConfigurationName = Release;
		};
		607FACF21AFB9204008FA782 /* Build configuration list for PBXNativeTarget "TPSVG_Tests" */ = {
			isa = XCConfigurationList;
			buildConfigurations = (
				607FACF31AFB9204008FA782 /* Debug */,
				607FACF41AFB9204008FA782 /* Release */,
			);
			defaultConfigurationIsVisible = 0;
			defaultConfigurationName = Release;
		};
/* End XCConfigurationList section */
	};
	rootObject = 607FACC81AFB9204008FA782 /* Project object */;
}
